// !$*UTF8*$!
{
	archiveVersion = 1;
	classes = {
	};
	objectVersion = 46;
	objects = {
/* Begin PBXBuildFile section */
		00E356F31AD99517003FC87E /* elitebettingtipsTests.m in Sources */ = {isa = PBXBuildFile; fileRef = 00E356F21AD99517003FC87E /* elitebettingtipsTests.m */; };
		057CA2834E86443382EF9DC3 /* sf-semibold.ttf in Resources */ = {isa = PBXBuildFile; fileRef = 021D630E09B1437CA29F5714 /* sf-semibold.ttf */; };
		0F2D2EEB7B104778ACF5A03D /* Entypo.ttf in Resources */ = {isa = PBXBuildFile; fileRef = 110D052AC1C34ACF87ED20DE /* Entypo.ttf */; };
		13B07FBC1A68108700A75B9A /* AppDelegate.m in Sources */ = {isa = PBXBuildFile; fileRef = 13B07FB01A68108700A75B9A /* AppDelegate.m */; };
		13B07FBD1A68108700A75B9A /* LaunchScreen.xib in Resources */ = {isa = PBXBuildFile; fileRef = 13B07FB11A68108700A75B9A /* LaunchScreen.xib */; };
		13B07FBF1A68108700A75B9A /* Images.xcassets in Resources */ = {isa = PBXBuildFile; fileRef = 13B07FB51A68108700A75B9A /* Images.xcassets */; };
		13B07FC11A68108700A75B9A /* main.m in Sources */ = {isa = PBXBuildFile; fileRef = 13B07FB71A68108700A75B9A /* main.m */; };
		14D5D2EC2FD94BA98AC02D4C /* MaterialIcons.ttf in Resources */ = {isa = PBXBuildFile; fileRef = 9BF27E2EB57E4ABA9339E087 /* MaterialIcons.ttf */; };
		1D139840AC6C4F9785A16AEB /* Roboto.ttf in Resources */ = {isa = PBXBuildFile; fileRef = 3CFBBED0DDEC464E88F738AF /* Roboto.ttf */; };
		2397B69E32FF4D8490252FFD /* Zocial.ttf in Resources */ = {isa = PBXBuildFile; fileRef = 28C75228CA584BAA835D4EEE /* Zocial.ttf */; };
		24644172B5864EBCB31F0B5F /* sf-light.ttf in Resources */ = {isa = PBXBuildFile; fileRef = 398DD7AB7DD344A08A783A93 /* sf-light.ttf */; };
		25AEB5C0E4A74C73814F96EB /* FontAwesome5_Regular.ttf in Resources */ = {isa = PBXBuildFile; fileRef = FF87E929D9244FE0B1D6FA7D /* FontAwesome5_Regular.ttf */; };
		2763AA88D6514878939F8627 /* AntDesign.ttf in Resources */ = {isa = PBXBuildFile; fileRef = 4AB883315E2B438CAF210810 /* AntDesign.ttf */; };
		2D02E4BC1E0B4A80006451C7 /* AppDelegate.m in Sources */ = {isa = PBXBuildFile; fileRef = 13B07FB01A68108700A75B9A /* AppDelegate.m */; };
		2D02E4BD1E0B4A84006451C7 /* Images.xcassets in Resources */ = {isa = PBXBuildFile; fileRef = 13B07FB51A68108700A75B9A /* Images.xcassets */; };
		2D02E4BF1E0B4AB3006451C7 /* main.m in Sources */ = {isa = PBXBuildFile; fileRef = 13B07FB71A68108700A75B9A /* main.m */; };
		2DCD954D1E0B4F2C00145EB5 /* elitebettingtipsTests.m in Sources */ = {isa = PBXBuildFile; fileRef = 00E356F21AD99517003FC87E /* elitebettingtipsTests.m */; };
		3A3DFF930C694316BF32D8EB /* FontAwesome.ttf in Resources */ = {isa = PBXBuildFile; fileRef = 8BDAC4D87C3C4235A781A69E /* FontAwesome.ttf */; };
		3DD44C5E6D904DA09D05DE34 /* Fontisto.ttf in Resources */ = {isa = PBXBuildFile; fileRef = 62452FD2DFD242AB9202D220 /* Fontisto.ttf */; };
		421CC4C259DC42E69C202059 /* EvilIcons.ttf in Resources */ = {isa = PBXBuildFile; fileRef = F0BA3040F02B4A95A8DDFC03 /* EvilIcons.ttf */; };
		48906E4223C5406FAA9FD6E0 /* Ionicons.ttf in Resources */ = {isa = PBXBuildFile; fileRef = CE3F44D17AF04D9192EA275F /* Ionicons.ttf */; };
		4AB4A3326AA0426885A4E6BC /* Roboto_medium.ttf in Resources */ = {isa = PBXBuildFile; fileRef = 2D8C424B8D4444CF962FCC3A /* Roboto_medium.ttf */; };
		4AE7FF0A59E34DCE9144A0F8 /* Foundation.ttf in Resources */ = {isa = PBXBuildFile; fileRef = 76708ABE9A204BCF8C0BBF9A /* Foundation.ttf */; };
		4DA6156126DC43D3B89706F9 /* sf-heavy.ttf in Resources */ = {isa = PBXBuildFile; fileRef = 339F0F5941D04C369AA6A216 /* sf-heavy.ttf */; };
		506D381D57FF4D4784AABA20 /* Entypo.ttf in Resources */ = {isa = PBXBuildFile; fileRef = 3C56FEC477B04846A1E4A611 /* Entypo.ttf */; };
		5B75E88B94994E80B05EDBF6 /* MaterialIcons.ttf in Resources */ = {isa = PBXBuildFile; fileRef = 96F48787F11741F99F3B0F64 /* MaterialIcons.ttf */; };
		5D28AF56C40E4F1490F2B075 /* sf-medium.ttf in Resources */ = {isa = PBXBuildFile; fileRef = F56304BFF09C4B7C9E75188F /* sf-medium.ttf */; };
		61355552A2AD4238BB437250 /* MaterialCommunityIcons.ttf in Resources */ = {isa = PBXBuildFile; fileRef = 7AC3B26273F64C3BA838CE27 /* MaterialCommunityIcons.ttf */; };
		62F9F50642C149E139008DB4 /* libPods-elitebettingtips-tvOSTests.a in Frameworks */ = {isa = PBXBuildFile; fileRef = F72F960CEA2EE2A4457E1D14 /* libPods-elitebettingtips-tvOSTests.a */; };
		696711B5E9F04400BA786C98 /* Octicons.ttf in Resources */ = {isa = PBXBuildFile; fileRef = CDEAB2205B9245AEAF710900 /* Octicons.ttf */; };
		71F9BE7DCE4E378D7B37F5EA /* libPods-elitebettingtips-tvOS.a in Frameworks */ = {isa = PBXBuildFile; fileRef = 42C9384FFB55D18FA60C51C3 /* libPods-elitebettingtips-tvOS.a */; };
		749425C627244CBC9286E975 /* rubicon-icon-font.ttf in Resources */ = {isa = PBXBuildFile; fileRef = BA7A87BF20134098A85CCF6A /* rubicon-icon-font.ttf */; };
		765C57F3CF40470196D668FD /* FontAwesome5_Brands.ttf in Resources */ = {isa = PBXBuildFile; fileRef = 3B9940FE6B054598A5796D6D /* FontAwesome5_Brands.ttf */; };
		7C799FEE13D78A4F2349ADAD /* libPods-elitebettingtips-elitebettingtipsTests.a in Frameworks */ = {isa = PBXBuildFile; fileRef = 5461CC2656F239A26FB77E82 /* libPods-elitebettingtips-elitebettingtipsTests.a */; };
		7C7DFB0F81C74A68B82333A0 /* FontAwesome5_Solid.ttf in Resources */ = {isa = PBXBuildFile; fileRef = 31357D76F4834666941B0CB0 /* FontAwesome5_Solid.ttf */; };
		7D2268FBEC2F43FBBD9DCE30 /* sf-black.ttf in Resources */ = {isa = PBXBuildFile; fileRef = AB05839E771045A380088D58 /* sf-black.ttf */; };
		962A99E5575A46B0BFF292B8 /* AntDesign.ttf in Resources */ = {isa = PBXBuildFile; fileRef = 871A0D19551348C6A04B771A /* AntDesign.ttf */; };
		98BA816F66024EC782CE4388 /* SFUIDisplay-Light.ttf in Resources */ = {isa = PBXBuildFile; fileRef = 93C2FDFC88C44B80A57530DC /* SFUIDisplay-Light.ttf */; };
		98D897A4F3C041668A6787BA /* fontello.ttf in Resources */ = {isa = PBXBuildFile; fileRef = 4EE891052D2E446A8A90722D /* fontello.ttf */; };
		9935357FC8064189A159A861 /* SimpleLineIcons.ttf in Resources */ = {isa = PBXBuildFile; fileRef = 43E50A06B22C4CC09E13F7F5 /* SimpleLineIcons.ttf */; };
		9961D53D1E544593812A0642 /* SFUIDisplay-Black.ttf in Resources */ = {isa = PBXBuildFile; fileRef = DF1D8CE9D9D34C568E366C77 /* SFUIDisplay-Black.ttf */; };
		A601B0FA838C4F36AD58396C /* SFUIDisplay-Ultralight.ttf in Resources */ = {isa = PBXBuildFile; fileRef = 9113EF8E0E6145ACBDD1B640 /* SFUIDisplay-Ultralight.ttf */; };
		A60E5C64391449DF90C37802 /* SFUIDisplay-Thin.ttf in Resources */ = {isa = PBXBuildFile; fileRef = F7A7658187D44C16983AB476 /* SFUIDisplay-Thin.ttf */; };
		A78D7CDEDE554C5A8F8A7F81 /* Ionicons.ttf in Resources */ = {isa = PBXBuildFile; fileRef = FDC88E0FB05A4450AA927CF5 /* Ionicons.ttf */; };
		AA8ADA188345452BBC8F988A /* FontAwesome.ttf in Resources */ = {isa = PBXBuildFile; fileRef = 24C23823BEB245FDB2965A4F /* FontAwesome.ttf */; };
		AB99863CC5B5147237FF8F42 /* libPods-elitebettingtips.a in Frameworks */ = {isa = PBXBuildFile; fileRef = 2529689D8CF891E4339B202A /* libPods-elitebettingtips.a */; };
		AE93D1A30B1346628E83A806 /* Foundation.ttf in Resources */ = {isa = PBXBuildFile; fileRef = 98D1826C810D489EB63CF5B6 /* Foundation.ttf */; };
		C162850324AB44EE9CA1FBEA /* FontAwesome5_Solid.ttf in Resources */ = {isa = PBXBuildFile; fileRef = E6746FED75F740E29754BC61 /* FontAwesome5_Solid.ttf */; };
		C432EE3AFFA840AFAF69DCBC /* sf-thin.ttf in Resources */ = {isa = PBXBuildFile; fileRef = 0562E2D453514EAF9B819529 /* sf-thin.ttf */; };
		C6D47C867B3C4430B9190033 /* SFUIDisplay-Bold.ttf in Resources */ = {isa = PBXBuildFile; fileRef = D69D7676B6A94F6F970E13B1 /* SFUIDisplay-Bold.ttf */; };
		CB3E98EE3F4D4F5B96838D05 /* Zocial.ttf in Resources */ = {isa = PBXBuildFile; fileRef = D6AD1D8DD6F04D18A09D73E1 /* Zocial.ttf */; };
		CC4A71DE7D7347429DED6C1F /* SimpleLineIcons.ttf in Resources */ = {isa = PBXBuildFile; fileRef = B886377E31384BA1A4559A5A /* SimpleLineIcons.ttf */; };
		CDB08CB3851048D4A08B4077 /* sf-ultralight.ttf in Resources */ = {isa = PBXBuildFile; fileRef = B1144327517C47F99FC98060 /* sf-ultralight.ttf */; };
		CDCB38692BCA46E5987AE964 /* FontAwesome5_Brands.ttf in Resources */ = {isa = PBXBuildFile; fileRef = D7A519D9A608478A94052A90 /* FontAwesome5_Brands.ttf */; };
		D6956BBAEA724E908F1B64D0 /* Octicons.ttf in Resources */ = {isa = PBXBuildFile; fileRef = D367D7D1E9284BB297E1F6B0 /* Octicons.ttf */; };
		DA87B94D452E40A5A4F95F84 /* EvilIcons.ttf in Resources */ = {isa = PBXBuildFile; fileRef = DCA155F986A848669F31E3E4 /* EvilIcons.ttf */; };
		DC64C869A78D48FC8508C656 /* MaterialCommunityIcons.ttf in Resources */ = {isa = PBXBuildFile; fileRef = 3527EBD0CD6A42F5BA1393FE /* MaterialCommunityIcons.ttf */; };
		DD79081BEFE14C0DBBB9E4E0 /* Fontisto.ttf in Resources */ = {isa = PBXBuildFile; fileRef = 9C92ABFBF3844470A0ECE65A /* Fontisto.ttf */; };
		E087331807154E57A814D42F /* sf-bold.ttf in Resources */ = {isa = PBXBuildFile; fileRef = 575DF494DF22408E82EB168B /* sf-bold.ttf */; };
		E31698FA39474CE2A93AE9BC /* SFUIDisplay-Semibold.ttf in Resources */ = {isa = PBXBuildFile; fileRef = F6AF277209E24950A47617F8 /* SFUIDisplay-Semibold.ttf */; };
		F37AEEBFBF2F478D83F6EF88 /* SFUIDisplay-Medium.ttf in Resources */ = {isa = PBXBuildFile; fileRef = 06C3C7BAC484439E881CA272 /* SFUIDisplay-Medium.ttf */; };
		F899A8E6EA0A45838D4223E9 /* Feather.ttf in Resources */ = {isa = PBXBuildFile; fileRef = 47FC47DFBD914B0C9CFFA7CF /* Feather.ttf */; };
		F9FDFC69E1CE45F7926D1CDE /* FontAwesome5_Regular.ttf in Resources */ = {isa = PBXBuildFile; fileRef = 642928D3C2B74577B96FFEFC /* FontAwesome5_Regular.ttf */; };
		FC80AA4225A549B5A8F63502 /* SFUIDisplay-Heavy.ttf in Resources */ = {isa = PBXBuildFile; fileRef = 15E87E0523B8450BB6253CF1 /* SFUIDisplay-Heavy.ttf */; };
		FEBEFD4DCBAE461BA29A4677 /* Feather.ttf in Resources */ = {isa = PBXBuildFile; fileRef = 01E096864C11468E8A8A6469 /* Feather.ttf */; };
/* End PBXBuildFile section */

/* Begin PBXContainerItemProxy section */
		00E356F41AD99517003FC87E /* PBXContainerItemProxy */ = {
			isa = PBXContainerItemProxy;
			containerPortal = 83CBB9F71A601CBA00E9B192 /* Project object */;
			proxyType = 1;
			remoteGlobalIDString = 13B07F861A680F5B00A75B9A;
			remoteInfo = elitebettingtips;
		};
		2D02E4911E0B4A5D006451C7 /* PBXContainerItemProxy */ = {
			isa = PBXContainerItemProxy;
			containerPortal = 83CBB9F71A601CBA00E9B192 /* Project object */;
			proxyType = 1;
			remoteGlobalIDString = 2D02E47A1E0B4A5D006451C7;
			remoteInfo = "elitebettingtips-tvOS";
		};
/* End PBXContainerItemProxy section */

/* Begin PBXFileReference section */
		008F07F21AC5B25A0029DE68 /* main.jsbundle */ = {isa = PBXFileReference; fileEncoding = 4; lastKnownFileType = text; path = main.jsbundle; sourceTree = "<group>"; };
		00E356EE1AD99517003FC87E /* elitebettingtipsTests.xctest */ = {isa = PBXFileReference; explicitFileType = wrapper.cfbundle; includeInIndex = 0; path = elitebettingtipsTests.xctest; sourceTree = BUILT_PRODUCTS_DIR; };
		00E356F11AD99517003FC87E /* Info.plist */ = {isa = PBXFileReference; lastKnownFileType = text.plist.xml; path = Info.plist; sourceTree = "<group>"; };
		00E356F21AD99517003FC87E /* elitebettingtipsTests.m */ = {isa = PBXFileReference; lastKnownFileType = sourcecode.c.objc; path = elitebettingtipsTests.m; sourceTree = "<group>"; };
		01E096864C11468E8A8A6469 /* Feather.ttf */ = {isa = PBXFileReference; explicitFileType = undefined; fileEncoding = undefined; includeInIndex = 0; lastKnownFileType = unknown; name = Feather.ttf; path = "../node_modules/native-base/Fonts/Feather.ttf"; sourceTree = "<group>"; };
		021D630E09B1437CA29F5714 /* sf-semibold.ttf */ = {isa = PBXFileReference; explicitFileType = undefined; fileEncoding = undefined; includeInIndex = 0; lastKnownFileType = unknown; name = "sf-semibold.ttf"; path = "../assets/fonts/sf-semibold.ttf"; sourceTree = "<group>"; };
		0562E2D453514EAF9B819529 /* sf-thin.ttf */ = {isa = PBXFileReference; explicitFileType = undefined; fileEncoding = undefined; includeInIndex = 0; lastKnownFileType = unknown; name = "sf-thin.ttf"; path = "../assets/fonts/sf-thin.ttf"; sourceTree = "<group>"; };
		06C3C7BAC484439E881CA272 /* SFUIDisplay-Medium.ttf */ = {isa = PBXFileReference; explicitFileType = undefined; fileEncoding = undefined; includeInIndex = 0; lastKnownFileType = unknown; name = "SFUIDisplay-Medium.ttf"; path = "../assets/fonts/SFUIDisplay-Medium.ttf"; sourceTree = "<group>"; };
		110D052AC1C34ACF87ED20DE /* Entypo.ttf */ = {isa = PBXFileReference; explicitFileType = undefined; fileEncoding = undefined; includeInIndex = 0; lastKnownFileType = unknown; name = Entypo.ttf; path = "../node_modules/native-base/Fonts/Entypo.ttf"; sourceTree = "<group>"; };
		13B07F961A680F5B00A75B9A /* elitebettingtips.app */ = {isa = PBXFileReference; explicitFileType = wrapper.application; includeInIndex = 0; path = elitebettingtips.app; sourceTree = BUILT_PRODUCTS_DIR; };
		13B07FAF1A68108700A75B9A /* AppDelegate.h */ = {isa = PBXFileReference; fileEncoding = 4; lastKnownFileType = sourcecode.c.h; name = AppDelegate.h; path = elitebettingtips/AppDelegate.h; sourceTree = "<group>"; };
		13B07FB01A68108700A75B9A /* AppDelegate.m */ = {isa = PBXFileReference; fileEncoding = 4; lastKnownFileType = sourcecode.c.objc; name = AppDelegate.m; path = elitebettingtips/AppDelegate.m; sourceTree = "<group>"; };
		13B07FB21A68108700A75B9A /* Base */ = {isa = PBXFileReference; lastKnownFileType = file.xib; name = Base; path = Base.lproj/LaunchScreen.xib; sourceTree = "<group>"; };
		13B07FB51A68108700A75B9A /* Images.xcassets */ = {isa = PBXFileReference; lastKnownFileType = folder.assetcatalog; name = Images.xcassets; path = elitebettingtips/Images.xcassets; sourceTree = "<group>"; };
		13B07FB61A68108700A75B9A /* Info.plist */ = {isa = PBXFileReference; fileEncoding = 4; lastKnownFileType = text.plist.xml; name = Info.plist; path = elitebettingtips/Info.plist; sourceTree = "<group>"; };
		13B07FB71A68108700A75B9A /* main.m */ = {isa = PBXFileReference; fileEncoding = 4; lastKnownFileType = sourcecode.c.objc; name = main.m; path = elitebettingtips/main.m; sourceTree = "<group>"; };
		15E87E0523B8450BB6253CF1 /* SFUIDisplay-Heavy.ttf */ = {isa = PBXFileReference; explicitFileType = undefined; fileEncoding = undefined; includeInIndex = 0; lastKnownFileType = unknown; name = "SFUIDisplay-Heavy.ttf"; path = "../assets/fonts/SFUIDisplay-Heavy.ttf"; sourceTree = "<group>"; };
		24C23823BEB245FDB2965A4F /* FontAwesome.ttf */ = {isa = PBXFileReference; explicitFileType = undefined; fileEncoding = undefined; includeInIndex = 0; lastKnownFileType = unknown; name = FontAwesome.ttf; path = "../node_modules/native-base/Fonts/FontAwesome.ttf"; sourceTree = "<group>"; };
		2529689D8CF891E4339B202A /* libPods-elitebettingtips.a */ = {isa = PBXFileReference; explicitFileType = archive.ar; includeInIndex = 0; path = "libPods-elitebettingtips.a"; sourceTree = BUILT_PRODUCTS_DIR; };
		28C75228CA584BAA835D4EEE /* Zocial.ttf */ = {isa = PBXFileReference; explicitFileType = undefined; fileEncoding = undefined; includeInIndex = 0; lastKnownFileType = unknown; name = Zocial.ttf; path = "../node_modules/react-native-vector-icons/Fonts/Zocial.ttf"; sourceTree = "<group>"; };
		2D02E47B1E0B4A5D006451C7 /* elitebettingtips-tvOS.app */ = {isa = PBXFileReference; explicitFileType = wrapper.application; includeInIndex = 0; path = "elitebettingtips-tvOS.app"; sourceTree = BUILT_PRODUCTS_DIR; };
		2D02E4901E0B4A5D006451C7 /* elitebettingtips-tvOSTests.xctest */ = {isa = PBXFileReference; explicitFileType = wrapper.cfbundle; includeInIndex = 0; path = "elitebettingtips-tvOSTests.xctest"; sourceTree = BUILT_PRODUCTS_DIR; };
		2D8C424B8D4444CF962FCC3A /* Roboto_medium.ttf */ = {isa = PBXFileReference; explicitFileType = undefined; fileEncoding = undefined; includeInIndex = 0; lastKnownFileType = unknown; name = Roboto_medium.ttf; path = "../node_modules/native-base/Fonts/Roboto_medium.ttf"; sourceTree = "<group>"; };
		31357D76F4834666941B0CB0 /* FontAwesome5_Solid.ttf */ = {isa = PBXFileReference; explicitFileType = undefined; fileEncoding = undefined; includeInIndex = 0; lastKnownFileType = unknown; name = FontAwesome5_Solid.ttf; path = "../node_modules/native-base/Fonts/FontAwesome5_Solid.ttf"; sourceTree = "<group>"; };
		339F0F5941D04C369AA6A216 /* sf-heavy.ttf */ = {isa = PBXFileReference; explicitFileType = undefined; fileEncoding = undefined; includeInIndex = 0; lastKnownFileType = unknown; name = "sf-heavy.ttf"; path = "../assets/fonts/sf-heavy.ttf"; sourceTree = "<group>"; };
		3527EBD0CD6A42F5BA1393FE /* MaterialCommunityIcons.ttf */ = {isa = PBXFileReference; explicitFileType = undefined; fileEncoding = undefined; includeInIndex = 0; lastKnownFileType = unknown; name = MaterialCommunityIcons.ttf; path = "../node_modules/react-native-vector-icons/Fonts/MaterialCommunityIcons.ttf"; sourceTree = "<group>"; };
		398DD7AB7DD344A08A783A93 /* sf-light.ttf */ = {isa = PBXFileReference; explicitFileType = undefined; fileEncoding = undefined; includeInIndex = 0; lastKnownFileType = unknown; name = "sf-light.ttf"; path = "../assets/fonts/sf-light.ttf"; sourceTree = "<group>"; };
		3B9940FE6B054598A5796D6D /* FontAwesome5_Brands.ttf */ = {isa = PBXFileReference; explicitFileType = undefined; fileEncoding = undefined; includeInIndex = 0; lastKnownFileType = unknown; name = FontAwesome5_Brands.ttf; path = "../node_modules/react-native-vector-icons/Fonts/FontAwesome5_Brands.ttf"; sourceTree = "<group>"; };
		3C56FEC477B04846A1E4A611 /* Entypo.ttf */ = {isa = PBXFileReference; explicitFileType = undefined; fileEncoding = undefined; includeInIndex = 0; lastKnownFileType = unknown; name = Entypo.ttf; path = "../node_modules/react-native-vector-icons/Fonts/Entypo.ttf"; sourceTree = "<group>"; };
		3CFBBED0DDEC464E88F738AF /* Roboto.ttf */ = {isa = PBXFileReference; explicitFileType = undefined; fileEncoding = undefined; includeInIndex = 0; lastKnownFileType = unknown; name = Roboto.ttf; path = "../node_modules/native-base/Fonts/Roboto.ttf"; sourceTree = "<group>"; };
		42C9384FFB55D18FA60C51C3 /* libPods-elitebettingtips-tvOS.a */ = {isa = PBXFileReference; explicitFileType = archive.ar; includeInIndex = 0; path = "libPods-elitebettingtips-tvOS.a"; sourceTree = BUILT_PRODUCTS_DIR; };
		43E50A06B22C4CC09E13F7F5 /* SimpleLineIcons.ttf */ = {isa = PBXFileReference; explicitFileType = undefined; fileEncoding = undefined; includeInIndex = 0; lastKnownFileType = unknown; name = SimpleLineIcons.ttf; path = "../node_modules/native-base/Fonts/SimpleLineIcons.ttf"; sourceTree = "<group>"; };
		47FC47DFBD914B0C9CFFA7CF /* Feather.ttf */ = {isa = PBXFileReference; explicitFileType = undefined; fileEncoding = undefined; includeInIndex = 0; lastKnownFileType = unknown; name = Feather.ttf; path = "../node_modules/react-native-vector-icons/Fonts/Feather.ttf"; sourceTree = "<group>"; };
		4AB883315E2B438CAF210810 /* AntDesign.ttf */ = {isa = PBXFileReference; explicitFileType = undefined; fileEncoding = undefined; includeInIndex = 0; lastKnownFileType = unknown; name = AntDesign.ttf; path = "../node_modules/react-native-vector-icons/Fonts/AntDesign.ttf"; sourceTree = "<group>"; };
		4D9CB4067297518D5CE82491 /* Pods-elitebettingtips-elitebettingtipsTests.release.xcconfig */ = {isa = PBXFileReference; includeInIndex = 1; lastKnownFileType = text.xcconfig; name = "Pods-elitebettingtips-elitebettingtipsTests.release.xcconfig"; path = "Target Support Files/Pods-elitebettingtips-elitebettingtipsTests/Pods-elitebettingtips-elitebettingtipsTests.release.xcconfig"; sourceTree = "<group>"; };
		4EE891052D2E446A8A90722D /* fontello.ttf */ = {isa = PBXFileReference; explicitFileType = undefined; fileEncoding = undefined; includeInIndex = 0; lastKnownFileType = unknown; name = fontello.ttf; path = ../app/res/assets/fonts/fontello.ttf; sourceTree = "<group>"; };
		5461CC2656F239A26FB77E82 /* libPods-elitebettingtips-elitebettingtipsTests.a */ = {isa = PBXFileReference; explicitFileType = archive.ar; includeInIndex = 0; path = "libPods-elitebettingtips-elitebettingtipsTests.a"; sourceTree = BUILT_PRODUCTS_DIR; };
		575DF494DF22408E82EB168B /* sf-bold.ttf */ = {isa = PBXFileReference; explicitFileType = undefined; fileEncoding = undefined; includeInIndex = 0; lastKnownFileType = unknown; name = "sf-bold.ttf"; path = "../assets/fonts/sf-bold.ttf"; sourceTree = "<group>"; };
		5F7D1A077EF36BD63AA6245C /* Pods-elitebettingtips.debug.xcconfig */ = {isa = PBXFileReference; includeInIndex = 1; lastKnownFileType = text.xcconfig; name = "Pods-elitebettingtips.debug.xcconfig"; path = "Target Support Files/Pods-elitebettingtips/Pods-elitebettingtips.debug.xcconfig"; sourceTree = "<group>"; };
		61B40FD86E09535590CDBAD7 /* Pods-elitebettingtips-tvOS.debug.xcconfig */ = {isa = PBXFileReference; includeInIndex = 1; lastKnownFileType = text.xcconfig; name = "Pods-elitebettingtips-tvOS.debug.xcconfig"; path = "Target Support Files/Pods-elitebettingtips-tvOS/Pods-elitebettingtips-tvOS.debug.xcconfig"; sourceTree = "<group>"; };
		62452FD2DFD242AB9202D220 /* Fontisto.ttf */ = {isa = PBXFileReference; explicitFileType = undefined; fileEncoding = undefined; includeInIndex = 0; lastKnownFileType = unknown; name = Fontisto.ttf; path = "../node_modules/native-base/Fonts/Fontisto.ttf"; sourceTree = "<group>"; };
		642928D3C2B74577B96FFEFC /* FontAwesome5_Regular.ttf */ = {isa = PBXFileReference; explicitFileType = undefined; fileEncoding = undefined; includeInIndex = 0; lastKnownFileType = unknown; name = FontAwesome5_Regular.ttf; path = "../node_modules/native-base/Fonts/FontAwesome5_Regular.ttf"; sourceTree = "<group>"; };
		76708ABE9A204BCF8C0BBF9A /* Foundation.ttf */ = {isa = PBXFileReference; explicitFileType = undefined; fileEncoding = undefined; includeInIndex = 0; lastKnownFileType = unknown; name = Foundation.ttf; path = "../node_modules/native-base/Fonts/Foundation.ttf"; sourceTree = "<group>"; };
		7AC3B26273F64C3BA838CE27 /* MaterialCommunityIcons.ttf */ = {isa = PBXFileReference; explicitFileType = undefined; fileEncoding = undefined; includeInIndex = 0; lastKnownFileType = unknown; name = MaterialCommunityIcons.ttf; path = "../node_modules/native-base/Fonts/MaterialCommunityIcons.ttf"; sourceTree = "<group>"; };
		871A0D19551348C6A04B771A /* AntDesign.ttf */ = {isa = PBXFileReference; explicitFileType = undefined; fileEncoding = undefined; includeInIndex = 0; lastKnownFileType = unknown; name = AntDesign.ttf; path = "../node_modules/native-base/Fonts/AntDesign.ttf"; sourceTree = "<group>"; };
		8BDAC4D87C3C4235A781A69E /* FontAwesome.ttf */ = {isa = PBXFileReference; explicitFileType = undefined; fileEncoding = undefined; includeInIndex = 0; lastKnownFileType = unknown; name = FontAwesome.ttf; path = "../node_modules/react-native-vector-icons/Fonts/FontAwesome.ttf"; sourceTree = "<group>"; };
		9113EF8E0E6145ACBDD1B640 /* SFUIDisplay-Ultralight.ttf */ = {isa = PBXFileReference; explicitFileType = undefined; fileEncoding = undefined; includeInIndex = 0; lastKnownFileType = unknown; name = "SFUIDisplay-Ultralight.ttf"; path = "../assets/fonts/SFUIDisplay-Ultralight.ttf"; sourceTree = "<group>"; };
		93C2FDFC88C44B80A57530DC /* SFUIDisplay-Light.ttf */ = {isa = PBXFileReference; explicitFileType = undefined; fileEncoding = undefined; includeInIndex = 0; lastKnownFileType = unknown; name = "SFUIDisplay-Light.ttf"; path = "../assets/fonts/SFUIDisplay-Light.ttf"; sourceTree = "<group>"; };
		96F48787F11741F99F3B0F64 /* MaterialIcons.ttf */ = {isa = PBXFileReference; explicitFileType = undefined; fileEncoding = undefined; includeInIndex = 0; lastKnownFileType = unknown; name = MaterialIcons.ttf; path = "../node_modules/native-base/Fonts/MaterialIcons.ttf"; sourceTree = "<group>"; };
		98D1826C810D489EB63CF5B6 /* Foundation.ttf */ = {isa = PBXFileReference; explicitFileType = undefined; fileEncoding = undefined; includeInIndex = 0; lastKnownFileType = unknown; name = Foundation.ttf; path = "../node_modules/react-native-vector-icons/Fonts/Foundation.ttf"; sourceTree = "<group>"; };
		9BF27E2EB57E4ABA9339E087 /* MaterialIcons.ttf */ = {isa = PBXFileReference; explicitFileType = undefined; fileEncoding = undefined; includeInIndex = 0; lastKnownFileType = unknown; name = MaterialIcons.ttf; path = "../node_modules/react-native-vector-icons/Fonts/MaterialIcons.ttf"; sourceTree = "<group>"; };
		9C92ABFBF3844470A0ECE65A /* Fontisto.ttf */ = {isa = PBXFileReference; explicitFileType = undefined; fileEncoding = undefined; includeInIndex = 0; lastKnownFileType = unknown; name = Fontisto.ttf; path = "../node_modules/react-native-vector-icons/Fonts/Fontisto.ttf"; sourceTree = "<group>"; };
		9D11114E8F24091C6F13F3A1 /* Pods-elitebettingtips-tvOSTests.release.xcconfig */ = {isa = PBXFileReference; includeInIndex = 1; lastKnownFileType = text.xcconfig; name = "Pods-elitebettingtips-tvOSTests.release.xcconfig"; path = "Target Support Files/Pods-elitebettingtips-tvOSTests/Pods-elitebettingtips-tvOSTests.release.xcconfig"; sourceTree = "<group>"; };
		AB05839E771045A380088D58 /* sf-black.ttf */ = {isa = PBXFileReference; explicitFileType = undefined; fileEncoding = undefined; includeInIndex = 0; lastKnownFileType = unknown; name = "sf-black.ttf"; path = "../assets/fonts/sf-black.ttf"; sourceTree = "<group>"; };
		B1144327517C47F99FC98060 /* sf-ultralight.ttf */ = {isa = PBXFileReference; explicitFileType = undefined; fileEncoding = undefined; includeInIndex = 0; lastKnownFileType = unknown; name = "sf-ultralight.ttf"; path = "../assets/fonts/sf-ultralight.ttf"; sourceTree = "<group>"; };
		B4F80D68BAAE8BB095D77244 /* Pods-elitebettingtips-tvOSTests.debug.xcconfig */ = {isa = PBXFileReference; includeInIndex = 1; lastKnownFileType = text.xcconfig; name = "Pods-elitebettingtips-tvOSTests.debug.xcconfig"; path = "Target Support Files/Pods-elitebettingtips-tvOSTests/Pods-elitebettingtips-tvOSTests.debug.xcconfig"; sourceTree = "<group>"; };
		B886377E31384BA1A4559A5A /* SimpleLineIcons.ttf */ = {isa = PBXFileReference; explicitFileType = undefined; fileEncoding = undefined; includeInIndex = 0; lastKnownFileType = unknown; name = SimpleLineIcons.ttf; path = "../node_modules/react-native-vector-icons/Fonts/SimpleLineIcons.ttf"; sourceTree = "<group>"; };
		B9B77A6FEA8FB1CF173ED794 /* Pods-elitebettingtips-tvOS.release.xcconfig */ = {isa = PBXFileReference; includeInIndex = 1; lastKnownFileType = text.xcconfig; name = "Pods-elitebettingtips-tvOS.release.xcconfig"; path = "Target Support Files/Pods-elitebettingtips-tvOS/Pods-elitebettingtips-tvOS.release.xcconfig"; sourceTree = "<group>"; };
		BA7A87BF20134098A85CCF6A /* rubicon-icon-font.ttf */ = {isa = PBXFileReference; explicitFileType = undefined; fileEncoding = undefined; includeInIndex = 0; lastKnownFileType = unknown; name = "rubicon-icon-font.ttf"; path = "../node_modules/native-base/Fonts/rubicon-icon-font.ttf"; sourceTree = "<group>"; };
		CDEAB2205B9245AEAF710900 /* Octicons.ttf */ = {isa = PBXFileReference; explicitFileType = undefined; fileEncoding = undefined; includeInIndex = 0; lastKnownFileType = unknown; name = Octicons.ttf; path = "../node_modules/native-base/Fonts/Octicons.ttf"; sourceTree = "<group>"; };
		CE3F44D17AF04D9192EA275F /* Ionicons.ttf */ = {isa = PBXFileReference; explicitFileType = undefined; fileEncoding = undefined; includeInIndex = 0; lastKnownFileType = unknown; name = Ionicons.ttf; path = "../node_modules/native-base/Fonts/Ionicons.ttf"; sourceTree = "<group>"; };
		D367D7D1E9284BB297E1F6B0 /* Octicons.ttf */ = {isa = PBXFileReference; explicitFileType = undefined; fileEncoding = undefined; includeInIndex = 0; lastKnownFileType = unknown; name = Octicons.ttf; path = "../node_modules/react-native-vector-icons/Fonts/Octicons.ttf"; sourceTree = "<group>"; };
		D3A608B1C358A14A8A85C678 /* Pods-elitebettingtips.release.xcconfig */ = {isa = PBXFileReference; includeInIndex = 1; lastKnownFileType = text.xcconfig; name = "Pods-elitebettingtips.release.xcconfig"; path = "Target Support Files/Pods-elitebettingtips/Pods-elitebettingtips.release.xcconfig"; sourceTree = "<group>"; };
		D69D7676B6A94F6F970E13B1 /* SFUIDisplay-Bold.ttf */ = {isa = PBXFileReference; explicitFileType = undefined; fileEncoding = undefined; includeInIndex = 0; lastKnownFileType = unknown; name = "SFUIDisplay-Bold.ttf"; path = "../assets/fonts/SFUIDisplay-Bold.ttf"; sourceTree = "<group>"; };
		D6AD1D8DD6F04D18A09D73E1 /* Zocial.ttf */ = {isa = PBXFileReference; explicitFileType = undefined; fileEncoding = undefined; includeInIndex = 0; lastKnownFileType = unknown; name = Zocial.ttf; path = "../node_modules/native-base/Fonts/Zocial.ttf"; sourceTree = "<group>"; };
		D7A519D9A608478A94052A90 /* FontAwesome5_Brands.ttf */ = {isa = PBXFileReference; explicitFileType = undefined; fileEncoding = undefined; includeInIndex = 0; lastKnownFileType = unknown; name = FontAwesome5_Brands.ttf; path = "../node_modules/native-base/Fonts/FontAwesome5_Brands.ttf"; sourceTree = "<group>"; };
		DCA155F986A848669F31E3E4 /* EvilIcons.ttf */ = {isa = PBXFileReference; explicitFileType = undefined; fileEncoding = undefined; includeInIndex = 0; lastKnownFileType = unknown; name = EvilIcons.ttf; path = "../node_modules/react-native-vector-icons/Fonts/EvilIcons.ttf"; sourceTree = "<group>"; };
		DF1D8CE9D9D34C568E366C77 /* SFUIDisplay-Black.ttf */ = {isa = PBXFileReference; explicitFileType = undefined; fileEncoding = undefined; includeInIndex = 0; lastKnownFileType = unknown; name = "SFUIDisplay-Black.ttf"; path = "../assets/fonts/SFUIDisplay-Black.ttf"; sourceTree = "<group>"; };
		E5689DF95DBB358B1258090D /* Pods-elitebettingtips-elitebettingtipsTests.debug.xcconfig */ = {isa = PBXFileReference; includeInIndex = 1; lastKnownFileType = text.xcconfig; name = "Pods-elitebettingtips-elitebettingtipsTests.debug.xcconfig"; path = "Target Support Files/Pods-elitebettingtips-elitebettingtipsTests/Pods-elitebettingtips-elitebettingtipsTests.debug.xcconfig"; sourceTree = "<group>"; };
		E6746FED75F740E29754BC61 /* FontAwesome5_Solid.ttf */ = {isa = PBXFileReference; explicitFileType = undefined; fileEncoding = undefined; includeInIndex = 0; lastKnownFileType = unknown; name = FontAwesome5_Solid.ttf; path = "../node_modules/react-native-vector-icons/Fonts/FontAwesome5_Solid.ttf"; sourceTree = "<group>"; };
		ED297162215061F000B7C4FE /* JavaScriptCore.framework */ = {isa = PBXFileReference; lastKnownFileType = wrapper.framework; name = JavaScriptCore.framework; path = System/Library/Frameworks/JavaScriptCore.framework; sourceTree = SDKROOT; };
		ED2971642150620600B7C4FE /* JavaScriptCore.framework */ = {isa = PBXFileReference; lastKnownFileType = wrapper.framework; name = JavaScriptCore.framework; path = Platforms/AppleTVOS.platform/Developer/SDKs/AppleTVOS12.0.sdk/System/Library/Frameworks/JavaScriptCore.framework; sourceTree = DEVELOPER_DIR; };
		F0BA3040F02B4A95A8DDFC03 /* EvilIcons.ttf */ = {isa = PBXFileReference; explicitFileType = undefined; fileEncoding = undefined; includeInIndex = 0; lastKnownFileType = unknown; name = EvilIcons.ttf; path = "../node_modules/native-base/Fonts/EvilIcons.ttf"; sourceTree = "<group>"; };
		F56304BFF09C4B7C9E75188F /* sf-medium.ttf */ = {isa = PBXFileReference; explicitFileType = undefined; fileEncoding = undefined; includeInIndex = 0; lastKnownFileType = unknown; name = "sf-medium.ttf"; path = "../assets/fonts/sf-medium.ttf"; sourceTree = "<group>"; };
		F6AF277209E24950A47617F8 /* SFUIDisplay-Semibold.ttf */ = {isa = PBXFileReference; explicitFileType = undefined; fileEncoding = undefined; includeInIndex = 0; lastKnownFileType = unknown; name = "SFUIDisplay-Semibold.ttf"; path = "../assets/fonts/SFUIDisplay-Semibold.ttf"; sourceTree = "<group>"; };
		F72F960CEA2EE2A4457E1D14 /* libPods-elitebettingtips-tvOSTests.a */ = {isa = PBXFileReference; explicitFileType = archive.ar; includeInIndex = 0; path = "libPods-elitebettingtips-tvOSTests.a"; sourceTree = BUILT_PRODUCTS_DIR; };
		F7A7658187D44C16983AB476 /* SFUIDisplay-Thin.ttf */ = {isa = PBXFileReference; explicitFileType = undefined; fileEncoding = undefined; includeInIndex = 0; lastKnownFileType = unknown; name = "SFUIDisplay-Thin.ttf"; path = "../assets/fonts/SFUIDisplay-Thin.ttf"; sourceTree = "<group>"; };
		FDC88E0FB05A4450AA927CF5 /* Ionicons.ttf */ = {isa = PBXFileReference; explicitFileType = undefined; fileEncoding = undefined; includeInIndex = 0; lastKnownFileType = unknown; name = Ionicons.ttf; path = "../node_modules/react-native-vector-icons/Fonts/Ionicons.ttf"; sourceTree = "<group>"; };
		FF87E929D9244FE0B1D6FA7D /* FontAwesome5_Regular.ttf */ = {isa = PBXFileReference; explicitFileType = undefined; fileEncoding = undefined; includeInIndex = 0; lastKnownFileType = unknown; name = FontAwesome5_Regular.ttf; path = "../node_modules/react-native-vector-icons/Fonts/FontAwesome5_Regular.ttf"; sourceTree = "<group>"; };
/* End PBXFileReference section */

/* Begin PBXFrameworksBuildPhase section */
		00E356EB1AD99517003FC87E /* Frameworks */ = {
			isa = PBXFrameworksBuildPhase;
			buildActionMask = 2147483647;
			files = (
				7C799FEE13D78A4F2349ADAD /* libPods-elitebettingtips-elitebettingtipsTests.a in Frameworks */,
			);
			runOnlyForDeploymentPostprocessing = 0;
		};
		13B07F8C1A680F5B00A75B9A /* Frameworks */ = {
			isa = PBXFrameworksBuildPhase;
			buildActionMask = 2147483647;
			files = (
				AB99863CC5B5147237FF8F42 /* libPods-elitebettingtips.a in Frameworks */,
			);
			runOnlyForDeploymentPostprocessing = 0;
		};
		2D02E4781E0B4A5D006451C7 /* Frameworks */ = {
			isa = PBXFrameworksBuildPhase;
			buildActionMask = 2147483647;
			files = (
				71F9BE7DCE4E378D7B37F5EA /* libPods-elitebettingtips-tvOS.a in Frameworks */,
			);
			runOnlyForDeploymentPostprocessing = 0;
		};
		2D02E48D1E0B4A5D006451C7 /* Frameworks */ = {
			isa = PBXFrameworksBuildPhase;
			buildActionMask = 2147483647;
			files = (
				62F9F50642C149E139008DB4 /* libPods-elitebettingtips-tvOSTests.a in Frameworks */,
			);
			runOnlyForDeploymentPostprocessing = 0;
		};
/* End PBXFrameworksBuildPhase section */

/* Begin PBXGroup section */
		00E356EF1AD99517003FC87E /* elitebettingtipsTests */ = {
			isa = PBXGroup;
			children = (
				00E356F21AD99517003FC87E /* elitebettingtipsTests.m */,
				00E356F01AD99517003FC87E /* Supporting Files */,
			);
			path = elitebettingtipsTests;
			sourceTree = "<group>";
		};
		00E356F01AD99517003FC87E /* Supporting Files */ = {
			isa = PBXGroup;
			children = (
				00E356F11AD99517003FC87E /* Info.plist */,
			);
			name = "Supporting Files";
			sourceTree = "<group>";
		};
		13B07FAE1A68108700A75B9A /* elitebettingtips */ = {
			isa = PBXGroup;
			children = (
				008F07F21AC5B25A0029DE68 /* main.jsbundle */,
				13B07FAF1A68108700A75B9A /* AppDelegate.h */,
				13B07FB01A68108700A75B9A /* AppDelegate.m */,
				13B07FB51A68108700A75B9A /* Images.xcassets */,
				13B07FB61A68108700A75B9A /* Info.plist */,
				13B07FB11A68108700A75B9A /* LaunchScreen.xib */,
				13B07FB71A68108700A75B9A /* main.m */,
			);
			name = elitebettingtips;
			sourceTree = "<group>";
		};
		2D16E6871FA4F8E400B85C8A /* Frameworks */ = {
			isa = PBXGroup;
			children = (
				ED297162215061F000B7C4FE /* JavaScriptCore.framework */,
				ED2971642150620600B7C4FE /* JavaScriptCore.framework */,
				2529689D8CF891E4339B202A /* libPods-elitebettingtips.a */,
				5461CC2656F239A26FB77E82 /* libPods-elitebettingtips-elitebettingtipsTests.a */,
				42C9384FFB55D18FA60C51C3 /* libPods-elitebettingtips-tvOS.a */,
				F72F960CEA2EE2A4457E1D14 /* libPods-elitebettingtips-tvOSTests.a */,
			);
			name = Frameworks;
			sourceTree = "<group>";
		};
		531C05AABC988A34BF40DCA7 /* Pods */ = {
			isa = PBXGroup;
			children = (
				5F7D1A077EF36BD63AA6245C /* Pods-elitebettingtips.debug.xcconfig */,
				D3A608B1C358A14A8A85C678 /* Pods-elitebettingtips.release.xcconfig */,
				E5689DF95DBB358B1258090D /* Pods-elitebettingtips-elitebettingtipsTests.debug.xcconfig */,
				4D9CB4067297518D5CE82491 /* Pods-elitebettingtips-elitebettingtipsTests.release.xcconfig */,
				61B40FD86E09535590CDBAD7 /* Pods-elitebettingtips-tvOS.debug.xcconfig */,
				B9B77A6FEA8FB1CF173ED794 /* Pods-elitebettingtips-tvOS.release.xcconfig */,
				B4F80D68BAAE8BB095D77244 /* Pods-elitebettingtips-tvOSTests.debug.xcconfig */,
				9D11114E8F24091C6F13F3A1 /* Pods-elitebettingtips-tvOSTests.release.xcconfig */,
			);
			name = Pods;
			path = Pods;
			sourceTree = "<group>";
		};
		691223AF5D4B4446A5C83BC5 /* Resources */ = {
			isa = PBXGroup;
			children = (
				4AB883315E2B438CAF210810 /* AntDesign.ttf */,
				3C56FEC477B04846A1E4A611 /* Entypo.ttf */,
				DCA155F986A848669F31E3E4 /* EvilIcons.ttf */,
				47FC47DFBD914B0C9CFFA7CF /* Feather.ttf */,
				8BDAC4D87C3C4235A781A69E /* FontAwesome.ttf */,
				3B9940FE6B054598A5796D6D /* FontAwesome5_Brands.ttf */,
				FF87E929D9244FE0B1D6FA7D /* FontAwesome5_Regular.ttf */,
				E6746FED75F740E29754BC61 /* FontAwesome5_Solid.ttf */,
				9C92ABFBF3844470A0ECE65A /* Fontisto.ttf */,
				98D1826C810D489EB63CF5B6 /* Foundation.ttf */,
				FDC88E0FB05A4450AA927CF5 /* Ionicons.ttf */,
				3527EBD0CD6A42F5BA1393FE /* MaterialCommunityIcons.ttf */,
				9BF27E2EB57E4ABA9339E087 /* MaterialIcons.ttf */,
				D367D7D1E9284BB297E1F6B0 /* Octicons.ttf */,
				B886377E31384BA1A4559A5A /* SimpleLineIcons.ttf */,
				28C75228CA584BAA835D4EEE /* Zocial.ttf */,
				871A0D19551348C6A04B771A /* AntDesign.ttf */,
				110D052AC1C34ACF87ED20DE /* Entypo.ttf */,
				F0BA3040F02B4A95A8DDFC03 /* EvilIcons.ttf */,
				01E096864C11468E8A8A6469 /* Feather.ttf */,
				24C23823BEB245FDB2965A4F /* FontAwesome.ttf */,
				D7A519D9A608478A94052A90 /* FontAwesome5_Brands.ttf */,
				642928D3C2B74577B96FFEFC /* FontAwesome5_Regular.ttf */,
				31357D76F4834666941B0CB0 /* FontAwesome5_Solid.ttf */,
				62452FD2DFD242AB9202D220 /* Fontisto.ttf */,
				76708ABE9A204BCF8C0BBF9A /* Foundation.ttf */,
				CE3F44D17AF04D9192EA275F /* Ionicons.ttf */,
				7AC3B26273F64C3BA838CE27 /* MaterialCommunityIcons.ttf */,
				96F48787F11741F99F3B0F64 /* MaterialIcons.ttf */,
				CDEAB2205B9245AEAF710900 /* Octicons.ttf */,
				2D8C424B8D4444CF962FCC3A /* Roboto_medium.ttf */,
				3CFBBED0DDEC464E88F738AF /* Roboto.ttf */,
				BA7A87BF20134098A85CCF6A /* rubicon-icon-font.ttf */,
				43E50A06B22C4CC09E13F7F5 /* SimpleLineIcons.ttf */,
				D6AD1D8DD6F04D18A09D73E1 /* Zocial.ttf */,
				4EE891052D2E446A8A90722D /* fontello.ttf */,
				AB05839E771045A380088D58 /* sf-black.ttf */,
				575DF494DF22408E82EB168B /* sf-bold.ttf */,
				339F0F5941D04C369AA6A216 /* sf-heavy.ttf */,
				398DD7AB7DD344A08A783A93 /* sf-light.ttf */,
				F56304BFF09C4B7C9E75188F /* sf-medium.ttf */,
				021D630E09B1437CA29F5714 /* sf-semibold.ttf */,
				0562E2D453514EAF9B819529 /* sf-thin.ttf */,
				B1144327517C47F99FC98060 /* sf-ultralight.ttf */,
				DF1D8CE9D9D34C568E366C77 /* SFUIDisplay-Black.ttf */,
				D69D7676B6A94F6F970E13B1 /* SFUIDisplay-Bold.ttf */,
				15E87E0523B8450BB6253CF1 /* SFUIDisplay-Heavy.ttf */,
				93C2FDFC88C44B80A57530DC /* SFUIDisplay-Light.ttf */,
				06C3C7BAC484439E881CA272 /* SFUIDisplay-Medium.ttf */,
				F6AF277209E24950A47617F8 /* SFUIDisplay-Semibold.ttf */,
				F7A7658187D44C16983AB476 /* SFUIDisplay-Thin.ttf */,
				9113EF8E0E6145ACBDD1B640 /* SFUIDisplay-Ultralight.ttf */,
			);
			name = Resources;
			path = "";
			sourceTree = "<group>";
		};
		832341AE1AAA6A7D00B99B32 /* Libraries */ = {
			isa = PBXGroup;
			children = (
			);
			name = Libraries;
			sourceTree = "<group>";
		};
		83CBB9F61A601CBA00E9B192 = {
			isa = PBXGroup;
			children = (
				13B07FAE1A68108700A75B9A /* elitebettingtips */,
				832341AE1AAA6A7D00B99B32 /* Libraries */,
				00E356EF1AD99517003FC87E /* elitebettingtipsTests */,
				83CBBA001A601CBA00E9B192 /* Products */,
				2D16E6871FA4F8E400B85C8A /* Frameworks */,
				691223AF5D4B4446A5C83BC5 /* Resources */,
				531C05AABC988A34BF40DCA7 /* Pods */,
			);
			indentWidth = 2;
			sourceTree = "<group>";
			tabWidth = 2;
			usesTabs = 0;
		};
		83CBBA001A601CBA00E9B192 /* Products */ = {
			isa = PBXGroup;
			children = (
				13B07F961A680F5B00A75B9A /* elitebettingtips.app */,
				00E356EE1AD99517003FC87E /* elitebettingtipsTests.xctest */,
				2D02E47B1E0B4A5D006451C7 /* elitebettingtips-tvOS.app */,
				2D02E4901E0B4A5D006451C7 /* elitebettingtips-tvOSTests.xctest */,
			);
			name = Products;
			sourceTree = "<group>";
		};
/* End PBXGroup section */

/* Begin PBXNativeTarget section */
		00E356ED1AD99517003FC87E /* elitebettingtipsTests */ = {
			isa = PBXNativeTarget;
			buildConfigurationList = 00E357021AD99517003FC87E /* Build configuration list for PBXNativeTarget "elitebettingtipsTests" */;
			buildPhases = (
				F36B83F8D62F0EE0E5694D34 /* [CP] Check Pods Manifest.lock */,
				00E356EA1AD99517003FC87E /* Sources */,
				00E356EB1AD99517003FC87E /* Frameworks */,
				00E356EC1AD99517003FC87E /* Resources */,
				23110353EE287A7532D04F99 /* [CP] Copy Pods Resources */,
			);
			buildRules = (
			);
			dependencies = (
				00E356F51AD99517003FC87E /* PBXTargetDependency */,
			);
			name = elitebettingtipsTests;
			productName = elitebettingtipsTests;
			productReference = 00E356EE1AD99517003FC87E /* elitebettingtipsTests.xctest */;
			productType = "com.apple.product-type.bundle.unit-test";
		};
		13B07F861A680F5B00A75B9A /* elitebettingtips */ = {
			isa = PBXNativeTarget;
			buildConfigurationList = 13B07F931A680F5B00A75B9A /* Build configuration list for PBXNativeTarget "elitebettingtips" */;
			buildPhases = (
				38C56CBAEFEAA72B6E7EF5EF /* [CP] Check Pods Manifest.lock */,
				FD10A7F022414F080027D42C /* Start Packager */,
				13B07F871A680F5B00A75B9A /* Sources */,
				13B07F8C1A680F5B00A75B9A /* Frameworks */,
				13B07F8E1A680F5B00A75B9A /* Resources */,
				00DD1BFF1BD5951E006B06BC /* Bundle React Native code and images */,
				8912AE93F722DD5965484377 /* [CP] Copy Pods Resources */,
			);
			buildRules = (
			);
			dependencies = (
			);
			name = elitebettingtips;
			productName = elitebettingtips;
			productReference = 13B07F961A680F5B00A75B9A /* elitebettingtips.app */;
			productType = "com.apple.product-type.application";
		};
		2D02E47A1E0B4A5D006451C7 /* elitebettingtips-tvOS */ = {
			isa = PBXNativeTarget;
			buildConfigurationList = 2D02E4BA1E0B4A5E006451C7 /* Build configuration list for PBXNativeTarget "elitebettingtips-tvOS" */;
			buildPhases = (
				1675CF2DF61084690621B60A /* [CP] Check Pods Manifest.lock */,
				FD10A7F122414F3F0027D42C /* Start Packager */,
				2D02E4771E0B4A5D006451C7 /* Sources */,
				2D02E4781E0B4A5D006451C7 /* Frameworks */,
				2D02E4791E0B4A5D006451C7 /* Resources */,
				2D02E4CB1E0B4B27006451C7 /* Bundle React Native Code And Images */,
			);
			buildRules = (
			);
			dependencies = (
			);
			name = "elitebettingtips-tvOS";
			productName = "elitebettingtips-tvOS";
			productReference = 2D02E47B1E0B4A5D006451C7 /* elitebettingtips-tvOS.app */;
			productType = "com.apple.product-type.application";
		};
		2D02E48F1E0B4A5D006451C7 /* elitebettingtips-tvOSTests */ = {
			isa = PBXNativeTarget;
			buildConfigurationList = 2D02E4BB1E0B4A5E006451C7 /* Build configuration list for PBXNativeTarget "elitebettingtips-tvOSTests" */;
			buildPhases = (
				24741E69E95C37F4DE748BF6 /* [CP] Check Pods Manifest.lock */,
				2D02E48C1E0B4A5D006451C7 /* Sources */,
				2D02E48D1E0B4A5D006451C7 /* Frameworks */,
				2D02E48E1E0B4A5D006451C7 /* Resources */,
			);
			buildRules = (
			);
			dependencies = (
				2D02E4921E0B4A5D006451C7 /* PBXTargetDependency */,
			);
			name = "elitebettingtips-tvOSTests";
			productName = "elitebettingtips-tvOSTests";
			productReference = 2D02E4901E0B4A5D006451C7 /* elitebettingtips-tvOSTests.xctest */;
			productType = "com.apple.product-type.bundle.unit-test";
		};
/* End PBXNativeTarget section */

/* Begin PBXProject section */
		83CBB9F71A601CBA00E9B192 /* Project object */ = {
			isa = PBXProject;
			attributes = {
				LastUpgradeCheck = 940;
				ORGANIZATIONNAME = Facebook;
				TargetAttributes = {
					00E356ED1AD99517003FC87E = {
						CreatedOnToolsVersion = 6.2;
						TestTargetID = 13B07F861A680F5B00A75B9A;
					};
					2D02E47A1E0B4A5D006451C7 = {
						CreatedOnToolsVersion = 8.2.1;
						ProvisioningStyle = Automatic;
					};
					2D02E48F1E0B4A5D006451C7 = {
						CreatedOnToolsVersion = 8.2.1;
						ProvisioningStyle = Automatic;
						TestTargetID = 2D02E47A1E0B4A5D006451C7;
					};
				};
			};
			buildConfigurationList = 83CBB9FA1A601CBA00E9B192 /* Build configuration list for PBXProject "elitebettingtips" */;
			compatibilityVersion = "Xcode 3.2";
			developmentRegion = English;
			hasScannedForEncodings = 0;
			knownRegions = (
				en,
				Base,
			);
			mainGroup = 83CBB9F61A601CBA00E9B192;
			productRefGroup = 83CBBA001A601CBA00E9B192 /* Products */;
			projectDirPath = "";
			projectRoot = "";
			targets = (
				13B07F861A680F5B00A75B9A /* elitebettingtips */,
				00E356ED1AD99517003FC87E /* elitebettingtipsTests */,
				2D02E47A1E0B4A5D006451C7 /* elitebettingtips-tvOS */,
				2D02E48F1E0B4A5D006451C7 /* elitebettingtips-tvOSTests */,
			);
		};
/* End PBXProject section */

/* Begin PBXResourcesBuildPhase section */
		00E356EC1AD99517003FC87E /* Resources */ = {
			isa = PBXResourcesBuildPhase;
			buildActionMask = 2147483647;
			files = (
			);
			runOnlyForDeploymentPostprocessing = 0;
		};
		13B07F8E1A680F5B00A75B9A /* Resources */ = {
			isa = PBXResourcesBuildPhase;
			buildActionMask = 2147483647;
			files = (
				13B07FBF1A68108700A75B9A /* Images.xcassets in Resources */,
				13B07FBD1A68108700A75B9A /* LaunchScreen.xib in Resources */,
				2763AA88D6514878939F8627 /* AntDesign.ttf in Resources */,
				506D381D57FF4D4784AABA20 /* Entypo.ttf in Resources */,
				DA87B94D452E40A5A4F95F84 /* EvilIcons.ttf in Resources */,
				F899A8E6EA0A45838D4223E9 /* Feather.ttf in Resources */,
				3A3DFF930C694316BF32D8EB /* FontAwesome.ttf in Resources */,
				765C57F3CF40470196D668FD /* FontAwesome5_Brands.ttf in Resources */,
				25AEB5C0E4A74C73814F96EB /* FontAwesome5_Regular.ttf in Resources */,
				C162850324AB44EE9CA1FBEA /* FontAwesome5_Solid.ttf in Resources */,
				DD79081BEFE14C0DBBB9E4E0 /* Fontisto.ttf in Resources */,
				AE93D1A30B1346628E83A806 /* Foundation.ttf in Resources */,
				A78D7CDEDE554C5A8F8A7F81 /* Ionicons.ttf in Resources */,
				DC64C869A78D48FC8508C656 /* MaterialCommunityIcons.ttf in Resources */,
				14D5D2EC2FD94BA98AC02D4C /* MaterialIcons.ttf in Resources */,
				D6956BBAEA724E908F1B64D0 /* Octicons.ttf in Resources */,
				CC4A71DE7D7347429DED6C1F /* SimpleLineIcons.ttf in Resources */,
				2397B69E32FF4D8490252FFD /* Zocial.ttf in Resources */,
				962A99E5575A46B0BFF292B8 /* AntDesign.ttf in Resources */,
				0F2D2EEB7B104778ACF5A03D /* Entypo.ttf in Resources */,
				421CC4C259DC42E69C202059 /* EvilIcons.ttf in Resources */,
				FEBEFD4DCBAE461BA29A4677 /* Feather.ttf in Resources */,
				AA8ADA188345452BBC8F988A /* FontAwesome.ttf in Resources */,
				CDCB38692BCA46E5987AE964 /* FontAwesome5_Brands.ttf in Resources */,
				F9FDFC69E1CE45F7926D1CDE /* FontAwesome5_Regular.ttf in Resources */,
				7C7DFB0F81C74A68B82333A0 /* FontAwesome5_Solid.ttf in Resources */,
				3DD44C5E6D904DA09D05DE34 /* Fontisto.ttf in Resources */,
				4AE7FF0A59E34DCE9144A0F8 /* Foundation.ttf in Resources */,
				48906E4223C5406FAA9FD6E0 /* Ionicons.ttf in Resources */,
				61355552A2AD4238BB437250 /* MaterialCommunityIcons.ttf in Resources */,
				5B75E88B94994E80B05EDBF6 /* MaterialIcons.ttf in Resources */,
				696711B5E9F04400BA786C98 /* Octicons.ttf in Resources */,
				4AB4A3326AA0426885A4E6BC /* Roboto_medium.ttf in Resources */,
				1D139840AC6C4F9785A16AEB /* Roboto.ttf in Resources */,
				749425C627244CBC9286E975 /* rubicon-icon-font.ttf in Resources */,
				9935357FC8064189A159A861 /* SimpleLineIcons.ttf in Resources */,
				CB3E98EE3F4D4F5B96838D05 /* Zocial.ttf in Resources */,
				98D897A4F3C041668A6787BA /* fontello.ttf in Resources */,
				7D2268FBEC2F43FBBD9DCE30 /* sf-black.ttf in Resources */,
				E087331807154E57A814D42F /* sf-bold.ttf in Resources */,
				4DA6156126DC43D3B89706F9 /* sf-heavy.ttf in Resources */,
				24644172B5864EBCB31F0B5F /* sf-light.ttf in Resources */,
				5D28AF56C40E4F1490F2B075 /* sf-medium.ttf in Resources */,
				057CA2834E86443382EF9DC3 /* sf-semibold.ttf in Resources */,
				C432EE3AFFA840AFAF69DCBC /* sf-thin.ttf in Resources */,
				CDB08CB3851048D4A08B4077 /* sf-ultralight.ttf in Resources */,
				9961D53D1E544593812A0642 /* SFUIDisplay-Black.ttf in Resources */,
				C6D47C867B3C4430B9190033 /* SFUIDisplay-Bold.ttf in Resources */,
				FC80AA4225A549B5A8F63502 /* SFUIDisplay-Heavy.ttf in Resources */,
				98BA816F66024EC782CE4388 /* SFUIDisplay-Light.ttf in Resources */,
				F37AEEBFBF2F478D83F6EF88 /* SFUIDisplay-Medium.ttf in Resources */,
				E31698FA39474CE2A93AE9BC /* SFUIDisplay-Semibold.ttf in Resources */,
				A60E5C64391449DF90C37802 /* SFUIDisplay-Thin.ttf in Resources */,
				A601B0FA838C4F36AD58396C /* SFUIDisplay-Ultralight.ttf in Resources */,
			);
			runOnlyForDeploymentPostprocessing = 0;
		};
		2D02E4791E0B4A5D006451C7 /* Resources */ = {
			isa = PBXResourcesBuildPhase;
			buildActionMask = 2147483647;
			files = (
				2D02E4BD1E0B4A84006451C7 /* Images.xcassets in Resources */,
			);
			runOnlyForDeploymentPostprocessing = 0;
		};
		2D02E48E1E0B4A5D006451C7 /* Resources */ = {
			isa = PBXResourcesBuildPhase;
			buildActionMask = 2147483647;
			files = (
			);
			runOnlyForDeploymentPostprocessing = 0;
		};
/* End PBXResourcesBuildPhase section */

/* Begin PBXShellScriptBuildPhase section */
		00DD1BFF1BD5951E006B06BC /* Bundle React Native code and images */ = {
			isa = PBXShellScriptBuildPhase;
			buildActionMask = 2147483647;
			files = (
			);
			inputPaths = (
			);
			name = "Bundle React Native code and images";
			outputPaths = (
			);
			runOnlyForDeploymentPostprocessing = 0;
			shellPath = /bin/sh;
			shellScript = "export NODE_BINARY=node\n../node_modules/react-native/scripts/react-native-xcode.sh";
		};
		1675CF2DF61084690621B60A /* [CP] Check Pods Manifest.lock */ = {
			isa = PBXShellScriptBuildPhase;
			buildActionMask = 2147483647;
			files = (
			);
			inputFileListPaths = (
			);
			inputPaths = (
				"${PODS_PODFILE_DIR_PATH}/Podfile.lock",
				"${PODS_ROOT}/Manifest.lock",
			);
			name = "[CP] Check Pods Manifest.lock";
			outputFileListPaths = (
			);
			outputPaths = (
				"$(DERIVED_FILE_DIR)/Pods-elitebettingtips-tvOS-checkManifestLockResult.txt",
			);
			runOnlyForDeploymentPostprocessing = 0;
			shellPath = /bin/sh;
			shellScript = "diff \"${PODS_PODFILE_DIR_PATH}/Podfile.lock\" \"${PODS_ROOT}/Manifest.lock\" > /dev/null\nif [ $? != 0 ] ; then\n    # print error to STDERR\n    echo \"error: The sandbox is not in sync with the Podfile.lock. Run 'pod install' or update your CocoaPods installation.\" >&2\n    exit 1\nfi\n# This output is used by Xcode 'outputs' to avoid re-running this script phase.\necho \"SUCCESS\" > \"${SCRIPT_OUTPUT_FILE_0}\"\n";
			showEnvVarsInLog = 0;
		};
		23110353EE287A7532D04F99 /* [CP] Copy Pods Resources */ = {
			isa = PBXShellScriptBuildPhase;
			buildActionMask = 2147483647;
			files = (
			);
			inputPaths = (
				"${PODS_ROOT}/Target Support Files/Pods-elitebettingtips-elitebettingtipsTests/Pods-elitebettingtips-elitebettingtipsTests-resources.sh",
				"${PODS_ROOT}/../../node_modules/react-native-vector-icons/Fonts/AntDesign.ttf",
				"${PODS_ROOT}/../../node_modules/react-native-vector-icons/Fonts/Entypo.ttf",
				"${PODS_ROOT}/../../node_modules/react-native-vector-icons/Fonts/EvilIcons.ttf",
				"${PODS_ROOT}/../../node_modules/react-native-vector-icons/Fonts/Feather.ttf",
				"${PODS_ROOT}/../../node_modules/react-native-vector-icons/Fonts/FontAwesome.ttf",
				"${PODS_ROOT}/../../node_modules/react-native-vector-icons/Fonts/FontAwesome5_Brands.ttf",
				"${PODS_ROOT}/../../node_modules/react-native-vector-icons/Fonts/FontAwesome5_Regular.ttf",
				"${PODS_ROOT}/../../node_modules/react-native-vector-icons/Fonts/FontAwesome5_Solid.ttf",
				"${PODS_ROOT}/../../node_modules/react-native-vector-icons/Fonts/Fontisto.ttf",
				"${PODS_ROOT}/../../node_modules/react-native-vector-icons/Fonts/Foundation.ttf",
				"${PODS_ROOT}/../../node_modules/react-native-vector-icons/Fonts/Ionicons.ttf",
				"${PODS_ROOT}/../../node_modules/react-native-vector-icons/Fonts/MaterialCommunityIcons.ttf",
				"${PODS_ROOT}/../../node_modules/react-native-vector-icons/Fonts/MaterialIcons.ttf",
				"${PODS_ROOT}/../../node_modules/react-native-vector-icons/Fonts/Octicons.ttf",
				"${PODS_ROOT}/../../node_modules/react-native-vector-icons/Fonts/SimpleLineIcons.ttf",
				"${PODS_ROOT}/../../node_modules/react-native-vector-icons/Fonts/Zocial.ttf",
			);
			name = "[CP] Copy Pods Resources";
			outputPaths = (
				"${TARGET_BUILD_DIR}/${UNLOCALIZED_RESOURCES_FOLDER_PATH}/AntDesign.ttf",
				"${TARGET_BUILD_DIR}/${UNLOCALIZED_RESOURCES_FOLDER_PATH}/Entypo.ttf",
				"${TARGET_BUILD_DIR}/${UNLOCALIZED_RESOURCES_FOLDER_PATH}/EvilIcons.ttf",
				"${TARGET_BUILD_DIR}/${UNLOCALIZED_RESOURCES_FOLDER_PATH}/Feather.ttf",
				"${TARGET_BUILD_DIR}/${UNLOCALIZED_RESOURCES_FOLDER_PATH}/FontAwesome.ttf",
				"${TARGET_BUILD_DIR}/${UNLOCALIZED_RESOURCES_FOLDER_PATH}/FontAwesome5_Brands.ttf",
				"${TARGET_BUILD_DIR}/${UNLOCALIZED_RESOURCES_FOLDER_PATH}/FontAwesome5_Regular.ttf",
				"${TARGET_BUILD_DIR}/${UNLOCALIZED_RESOURCES_FOLDER_PATH}/FontAwesome5_Solid.ttf",
				"${TARGET_BUILD_DIR}/${UNLOCALIZED_RESOURCES_FOLDER_PATH}/Fontisto.ttf",
				"${TARGET_BUILD_DIR}/${UNLOCALIZED_RESOURCES_FOLDER_PATH}/Foundation.ttf",
				"${TARGET_BUILD_DIR}/${UNLOCALIZED_RESOURCES_FOLDER_PATH}/Ionicons.ttf",
				"${TARGET_BUILD_DIR}/${UNLOCALIZED_RESOURCES_FOLDER_PATH}/MaterialCommunityIcons.ttf",
				"${TARGET_BUILD_DIR}/${UNLOCALIZED_RESOURCES_FOLDER_PATH}/MaterialIcons.ttf",
				"${TARGET_BUILD_DIR}/${UNLOCALIZED_RESOURCES_FOLDER_PATH}/Octicons.ttf",
				"${TARGET_BUILD_DIR}/${UNLOCALIZED_RESOURCES_FOLDER_PATH}/SimpleLineIcons.ttf",
				"${TARGET_BUILD_DIR}/${UNLOCALIZED_RESOURCES_FOLDER_PATH}/Zocial.ttf",
			);
			runOnlyForDeploymentPostprocessing = 0;
			shellPath = /bin/sh;
			shellScript = "\"${PODS_ROOT}/Target Support Files/Pods-elitebettingtips-elitebettingtipsTests/Pods-elitebettingtips-elitebettingtipsTests-resources.sh\"\n";
			showEnvVarsInLog = 0;
		};
		24741E69E95C37F4DE748BF6 /* [CP] Check Pods Manifest.lock */ = {
			isa = PBXShellScriptBuildPhase;
			buildActionMask = 2147483647;
			files = (
			);
			inputFileListPaths = (
			);
			inputPaths = (
				"${PODS_PODFILE_DIR_PATH}/Podfile.lock",
				"${PODS_ROOT}/Manifest.lock",
			);
			name = "[CP] Check Pods Manifest.lock";
			outputFileListPaths = (
			);
			outputPaths = (
				"$(DERIVED_FILE_DIR)/Pods-elitebettingtips-tvOSTests-checkManifestLockResult.txt",
			);
			runOnlyForDeploymentPostprocessing = 0;
			shellPath = /bin/sh;
			shellScript = "diff \"${PODS_PODFILE_DIR_PATH}/Podfile.lock\" \"${PODS_ROOT}/Manifest.lock\" > /dev/null\nif [ $? != 0 ] ; then\n    # print error to STDERR\n    echo \"error: The sandbox is not in sync with the Podfile.lock. Run 'pod install' or update your CocoaPods installation.\" >&2\n    exit 1\nfi\n# This output is used by Xcode 'outputs' to avoid re-running this script phase.\necho \"SUCCESS\" > \"${SCRIPT_OUTPUT_FILE_0}\"\n";
			showEnvVarsInLog = 0;
		};
		2D02E4CB1E0B4B27006451C7 /* Bundle React Native Code And Images */ = {
			isa = PBXShellScriptBuildPhase;
			buildActionMask = 2147483647;
			files = (
			);
			inputPaths = (
			);
			name = "Bundle React Native Code And Images";
			outputPaths = (
			);
			runOnlyForDeploymentPostprocessing = 0;
			shellPath = /bin/sh;
			shellScript = "export NODE_BINARY=node\n../node_modules/react-native/scripts/react-native-xcode.sh";
		};
		38C56CBAEFEAA72B6E7EF5EF /* [CP] Check Pods Manifest.lock */ = {
			isa = PBXShellScriptBuildPhase;
			buildActionMask = 2147483647;
			files = (
			);
			inputFileListPaths = (
			);
			inputPaths = (
				"${PODS_PODFILE_DIR_PATH}/Podfile.lock",
				"${PODS_ROOT}/Manifest.lock",
			);
			name = "[CP] Check Pods Manifest.lock";
			outputFileListPaths = (
			);
			outputPaths = (
				"$(DERIVED_FILE_DIR)/Pods-elitebettingtips-checkManifestLockResult.txt",
			);
			runOnlyForDeploymentPostprocessing = 0;
			shellPath = /bin/sh;
			shellScript = "diff \"${PODS_PODFILE_DIR_PATH}/Podfile.lock\" \"${PODS_ROOT}/Manifest.lock\" > /dev/null\nif [ $? != 0 ] ; then\n    # print error to STDERR\n    echo \"error: The sandbox is not in sync with the Podfile.lock. Run 'pod install' or update your CocoaPods installation.\" >&2\n    exit 1\nfi\n# This output is used by Xcode 'outputs' to avoid re-running this script phase.\necho \"SUCCESS\" > \"${SCRIPT_OUTPUT_FILE_0}\"\n";
			showEnvVarsInLog = 0;
		};
		8912AE93F722DD5965484377 /* [CP] Copy Pods Resources */ = {
			isa = PBXShellScriptBuildPhase;
			buildActionMask = 2147483647;
			files = (
			);
			inputPaths = (
				"${PODS_ROOT}/Target Support Files/Pods-elitebettingtips/Pods-elitebettingtips-resources.sh",
				"${PODS_ROOT}/../../node_modules/react-native-vector-icons/Fonts/AntDesign.ttf",
				"${PODS_ROOT}/../../node_modules/react-native-vector-icons/Fonts/Entypo.ttf",
				"${PODS_ROOT}/../../node_modules/react-native-vector-icons/Fonts/EvilIcons.ttf",
				"${PODS_ROOT}/../../node_modules/react-native-vector-icons/Fonts/Feather.ttf",
				"${PODS_ROOT}/../../node_modules/react-native-vector-icons/Fonts/FontAwesome.ttf",
				"${PODS_ROOT}/../../node_modules/react-native-vector-icons/Fonts/FontAwesome5_Brands.ttf",
				"${PODS_ROOT}/../../node_modules/react-native-vector-icons/Fonts/FontAwesome5_Regular.ttf",
				"${PODS_ROOT}/../../node_modules/react-native-vector-icons/Fonts/FontAwesome5_Solid.ttf",
				"${PODS_ROOT}/../../node_modules/react-native-vector-icons/Fonts/Fontisto.ttf",
				"${PODS_ROOT}/../../node_modules/react-native-vector-icons/Fonts/Foundation.ttf",
				"${PODS_ROOT}/../../node_modules/react-native-vector-icons/Fonts/Ionicons.ttf",
				"${PODS_ROOT}/../../node_modules/react-native-vector-icons/Fonts/MaterialCommunityIcons.ttf",
				"${PODS_ROOT}/../../node_modules/react-native-vector-icons/Fonts/MaterialIcons.ttf",
				"${PODS_ROOT}/../../node_modules/react-native-vector-icons/Fonts/Octicons.ttf",
				"${PODS_ROOT}/../../node_modules/react-native-vector-icons/Fonts/SimpleLineIcons.ttf",
				"${PODS_ROOT}/../../node_modules/react-native-vector-icons/Fonts/Zocial.ttf",
			);
			name = "[CP] Copy Pods Resources";
			outputPaths = (
				"${TARGET_BUILD_DIR}/${UNLOCALIZED_RESOURCES_FOLDER_PATH}/AntDesign.ttf",
				"${TARGET_BUILD_DIR}/${UNLOCALIZED_RESOURCES_FOLDER_PATH}/Entypo.ttf",
				"${TARGET_BUILD_DIR}/${UNLOCALIZED_RESOURCES_FOLDER_PATH}/EvilIcons.ttf",
				"${TARGET_BUILD_DIR}/${UNLOCALIZED_RESOURCES_FOLDER_PATH}/Feather.ttf",
				"${TARGET_BUILD_DIR}/${UNLOCALIZED_RESOURCES_FOLDER_PATH}/FontAwesome.ttf",
				"${TARGET_BUILD_DIR}/${UNLOCALIZED_RESOURCES_FOLDER_PATH}/FontAwesome5_Brands.ttf",
				"${TARGET_BUILD_DIR}/${UNLOCALIZED_RESOURCES_FOLDER_PATH}/FontAwesome5_Regular.ttf",
				"${TARGET_BUILD_DIR}/${UNLOCALIZED_RESOURCES_FOLDER_PATH}/FontAwesome5_Solid.ttf",
				"${TARGET_BUILD_DIR}/${UNLOCALIZED_RESOURCES_FOLDER_PATH}/Fontisto.ttf",
				"${TARGET_BUILD_DIR}/${UNLOCALIZED_RESOURCES_FOLDER_PATH}/Foundation.ttf",
				"${TARGET_BUILD_DIR}/${UNLOCALIZED_RESOURCES_FOLDER_PATH}/Ionicons.ttf",
				"${TARGET_BUILD_DIR}/${UNLOCALIZED_RESOURCES_FOLDER_PATH}/MaterialCommunityIcons.ttf",
				"${TARGET_BUILD_DIR}/${UNLOCALIZED_RESOURCES_FOLDER_PATH}/MaterialIcons.ttf",
				"${TARGET_BUILD_DIR}/${UNLOCALIZED_RESOURCES_FOLDER_PATH}/Octicons.ttf",
				"${TARGET_BUILD_DIR}/${UNLOCALIZED_RESOURCES_FOLDER_PATH}/SimpleLineIcons.ttf",
				"${TARGET_BUILD_DIR}/${UNLOCALIZED_RESOURCES_FOLDER_PATH}/Zocial.ttf",
			);
			runOnlyForDeploymentPostprocessing = 0;
			shellPath = /bin/sh;
			shellScript = "\"${PODS_ROOT}/Target Support Files/Pods-elitebettingtips/Pods-elitebettingtips-resources.sh\"\n";
			showEnvVarsInLog = 0;
		};
		F36B83F8D62F0EE0E5694D34 /* [CP] Check Pods Manifest.lock */ = {
			isa = PBXShellScriptBuildPhase;
			buildActionMask = 2147483647;
			files = (
			);
			inputFileListPaths = (
			);
			inputPaths = (
				"${PODS_PODFILE_DIR_PATH}/Podfile.lock",
				"${PODS_ROOT}/Manifest.lock",
			);
			name = "[CP] Check Pods Manifest.lock";
			outputFileListPaths = (
			);
			outputPaths = (
				"$(DERIVED_FILE_DIR)/Pods-elitebettingtips-elitebettingtipsTests-checkManifestLockResult.txt",
			);
			runOnlyForDeploymentPostprocessing = 0;
			shellPath = /bin/sh;
			shellScript = "diff \"${PODS_PODFILE_DIR_PATH}/Podfile.lock\" \"${PODS_ROOT}/Manifest.lock\" > /dev/null\nif [ $? != 0 ] ; then\n    # print error to STDERR\n    echo \"error: The sandbox is not in sync with the Podfile.lock. Run 'pod install' or update your CocoaPods installation.\" >&2\n    exit 1\nfi\n# This output is used by Xcode 'outputs' to avoid re-running this script phase.\necho \"SUCCESS\" > \"${SCRIPT_OUTPUT_FILE_0}\"\n";
			showEnvVarsInLog = 0;
		};
		FD10A7F022414F080027D42C /* Start Packager */ = {
			isa = PBXShellScriptBuildPhase;
			buildActionMask = 2147483647;
			files = (
			);
			inputFileListPaths = (
			);
			inputPaths = (
			);
			name = "Start Packager";
			outputFileListPaths = (
			);
			outputPaths = (
			);
			runOnlyForDeploymentPostprocessing = 0;
			shellPath = /bin/sh;
			shellScript = "export RCT_METRO_PORT=\"${RCT_METRO_PORT:=8081}\"\necho \"export RCT_METRO_PORT=${RCT_METRO_PORT}\" > \"${SRCROOT}/../node_modules/react-native/scripts/.packager.env\"\nif [ -z \"${RCT_NO_LAUNCH_PACKAGER+xxx}\" ] ; then\n  if nc -w 5 -z localhost ${RCT_METRO_PORT} ; then\n    if ! curl -s \"http://localhost:${RCT_METRO_PORT}/status\" | grep -q \"packager-status:running\" ; then\n      echo \"Port ${RCT_METRO_PORT} already in use, packager is either not running or not running correctly\"\n      exit 2\n    fi\n  else\n    open \"$SRCROOT/../node_modules/react-native/scripts/launchPackager.command\" || echo \"Can't start packager automatically\"\n  fi\nfi\n";
			showEnvVarsInLog = 0;
		};
		FD10A7F122414F3F0027D42C /* Start Packager */ = {
			isa = PBXShellScriptBuildPhase;
			buildActionMask = 2147483647;
			files = (
			);
			inputFileListPaths = (
			);
			inputPaths = (
			);
			name = "Start Packager";
			outputFileListPaths = (
			);
			outputPaths = (
			);
			runOnlyForDeploymentPostprocessing = 0;
			shellPath = /bin/sh;
			shellScript = "export RCT_METRO_PORT=\"${RCT_METRO_PORT:=8081}\"\necho \"export RCT_METRO_PORT=${RCT_METRO_PORT}\" > \"${SRCROOT}/../node_modules/react-native/scripts/.packager.env\"\nif [ -z \"${RCT_NO_LAUNCH_PACKAGER+xxx}\" ] ; then\n  if nc -w 5 -z localhost ${RCT_METRO_PORT} ; then\n    if ! curl -s \"http://localhost:${RCT_METRO_PORT}/status\" | grep -q \"packager-status:running\" ; then\n      echo \"Port ${RCT_METRO_PORT} already in use, packager is either not running or not running correctly\"\n      exit 2\n    fi\n  else\n    open \"$SRCROOT/../node_modules/react-native/scripts/launchPackager.command\" || echo \"Can't start packager automatically\"\n  fi\nfi\n";
			showEnvVarsInLog = 0;
		};
/* End PBXShellScriptBuildPhase section */

/* Begin PBXSourcesBuildPhase section */
		00E356EA1AD99517003FC87E /* Sources */ = {
			isa = PBXSourcesBuildPhase;
			buildActionMask = 2147483647;
			files = (
				00E356F31AD99517003FC87E /* elitebettingtipsTests.m in Sources */,
			);
			runOnlyForDeploymentPostprocessing = 0;
		};
		13B07F871A680F5B00A75B9A /* Sources */ = {
			isa = PBXSourcesBuildPhase;
			buildActionMask = 2147483647;
			files = (
				13B07FBC1A68108700A75B9A /* AppDelegate.m in Sources */,
				13B07FC11A68108700A75B9A /* main.m in Sources */,
			);
			runOnlyForDeploymentPostprocessing = 0;
		};
		2D02E4771E0B4A5D006451C7 /* Sources */ = {
			isa = PBXSourcesBuildPhase;
			buildActionMask = 2147483647;
			files = (
				2D02E4BF1E0B4AB3006451C7 /* main.m in Sources */,
				2D02E4BC1E0B4A80006451C7 /* AppDelegate.m in Sources */,
			);
			runOnlyForDeploymentPostprocessing = 0;
		};
		2D02E48C1E0B4A5D006451C7 /* Sources */ = {
			isa = PBXSourcesBuildPhase;
			buildActionMask = 2147483647;
			files = (
				2DCD954D1E0B4F2C00145EB5 /* elitebettingtipsTests.m in Sources */,
			);
			runOnlyForDeploymentPostprocessing = 0;
		};
/* End PBXSourcesBuildPhase section */

/* Begin PBXTargetDependency section */
		00E356F51AD99517003FC87E /* PBXTargetDependency */ = {
			isa = PBXTargetDependency;
			target = 13B07F861A680F5B00A75B9A /* elitebettingtips */;
			targetProxy = 00E356F41AD99517003FC87E /* PBXContainerItemProxy */;
		};
		2D02E4921E0B4A5D006451C7 /* PBXTargetDependency */ = {
			isa = PBXTargetDependency;
			target = 2D02E47A1E0B4A5D006451C7 /* elitebettingtips-tvOS */;
			targetProxy = 2D02E4911E0B4A5D006451C7 /* PBXContainerItemProxy */;
		};
/* End PBXTargetDependency section */

/* Begin PBXVariantGroup section */
		13B07FB11A68108700A75B9A /* LaunchScreen.xib */ = {
			isa = PBXVariantGroup;
			children = (
				13B07FB21A68108700A75B9A /* Base */,
			);
			name = LaunchScreen.xib;
			path = elitebettingtips;
			sourceTree = "<group>";
		};
/* End PBXVariantGroup section */

/* Begin XCBuildConfiguration section */
		00E356F61AD99517003FC87E /* Debug */ = {
			isa = XCBuildConfiguration;
			baseConfigurationReference = E5689DF95DBB358B1258090D /* Pods-elitebettingtips-elitebettingtipsTests.debug.xcconfig */;
			buildSettings = {
				BUNDLE_LOADER = "$(TEST_HOST)";
				GCC_PREPROCESSOR_DEFINITIONS = (
					"DEBUG=1",
					"$(inherited)",
				);
				INFOPLIST_FILE = elitebettingtipsTests/Info.plist;
				IPHONEOS_DEPLOYMENT_TARGET = 9.0;
				LD_RUNPATH_SEARCH_PATHS = "$(inherited) @executable_path/Frameworks @loader_path/Frameworks";
				OTHER_LDFLAGS = (
					"-ObjC",
					"-lc++",
					"$(inherited)",
				);
				PRODUCT_BUNDLE_IDENTIFIER = "org.reactjs.native.example.$(PRODUCT_NAME:rfc1034identifier)";
				PRODUCT_NAME = "$(TARGET_NAME)";
				TEST_HOST = "$(BUILT_PRODUCTS_DIR)/elitebettingtips.app/elitebettingtips";
			};
			name = Debug;
		};
		00E356F71AD99517003FC87E /* Release */ = {
			isa = XCBuildConfiguration;
			baseConfigurationReference = 4D9CB4067297518D5CE82491 /* Pods-elitebettingtips-elitebettingtipsTests.release.xcconfig */;
			buildSettings = {
				BUNDLE_LOADER = "$(TEST_HOST)";
				COPY_PHASE_STRIP = NO;
				INFOPLIST_FILE = elitebettingtipsTests/Info.plist;
				IPHONEOS_DEPLOYMENT_TARGET = 9.0;
				LD_RUNPATH_SEARCH_PATHS = "$(inherited) @executable_path/Frameworks @loader_path/Frameworks";
				OTHER_LDFLAGS = (
					"-ObjC",
					"-lc++",
					"$(inherited)",
				);
				PRODUCT_BUNDLE_IDENTIFIER = "org.reactjs.native.example.$(PRODUCT_NAME:rfc1034identifier)";
				PRODUCT_NAME = "$(TARGET_NAME)";
				TEST_HOST = "$(BUILT_PRODUCTS_DIR)/elitebettingtips.app/elitebettingtips";
			};
			name = Release;
		};
		13B07F941A680F5B00A75B9A /* Debug */ = {
			isa = XCBuildConfiguration;
			baseConfigurationReference = 5F7D1A077EF36BD63AA6245C /* Pods-elitebettingtips.debug.xcconfig */;
			buildSettings = {
				ASSETCATALOG_COMPILER_APPICON_NAME = AppIcon;
				CURRENT_PROJECT_VERSION = 1;
				DEAD_CODE_STRIPPING = NO;
				INFOPLIST_FILE = elitebettingtips/Info.plist;
				LD_RUNPATH_SEARCH_PATHS = "$(inherited) @executable_path/Frameworks";
				OTHER_LDFLAGS = (
					"$(inherited)",
					"-ObjC",
					"-lc++",
				);
				PRODUCT_BUNDLE_IDENTIFIER = "org.reactjs.native.example.$(PRODUCT_NAME:rfc1034identifier)";
				PRODUCT_NAME = elitebettingtips;
				VERSIONING_SYSTEM = "apple-generic";
			};
			name = Debug;
		};
		13B07F951A680F5B00A75B9A /* Release */ = {
			isa = XCBuildConfiguration;
			baseConfigurationReference = D3A608B1C358A14A8A85C678 /* Pods-elitebettingtips.release.xcconfig */;
			buildSettings = {
				ASSETCATALOG_COMPILER_APPICON_NAME = AppIcon;
				CURRENT_PROJECT_VERSION = 1;
				INFOPLIST_FILE = elitebettingtips/Info.plist;
				LD_RUNPATH_SEARCH_PATHS = "$(inherited) @executable_path/Frameworks";
				OTHER_LDFLAGS = (
					"$(inherited)",
					"-ObjC",
					"-lc++",
				);
				PRODUCT_BUNDLE_IDENTIFIER = "org.reactjs.native.example.$(PRODUCT_NAME:rfc1034identifier)";
				PRODUCT_NAME = elitebettingtips;
				VERSIONING_SYSTEM = "apple-generic";
			};
			name = Release;
		};
		2D02E4971E0B4A5E006451C7 /* Debug */ = {
			isa = XCBuildConfiguration;
			baseConfigurationReference = 61B40FD86E09535590CDBAD7 /* Pods-elitebettingtips-tvOS.debug.xcconfig */;
			buildSettings = {
				ASSETCATALOG_COMPILER_APPICON_NAME = "App Icon & Top Shelf Image";
				ASSETCATALOG_COMPILER_LAUNCHIMAGE_NAME = LaunchImage;
				CLANG_ANALYZER_NONNULL = YES;
				CLANG_WARN_DOCUMENTATION_COMMENTS = YES;
				CLANG_WARN_INFINITE_RECURSION = YES;
				CLANG_WARN_SUSPICIOUS_MOVE = YES;
				DEBUG_INFORMATION_FORMAT = dwarf;
				ENABLE_TESTABILITY = YES;
				GCC_NO_COMMON_BLOCKS = YES;
				INFOPLIST_FILE = "elitebettingtips-tvOS/Info.plist";
				LD_RUNPATH_SEARCH_PATHS = "$(inherited) @executable_path/Frameworks";
				OTHER_LDFLAGS = (
					"$(inherited)",
					"-ObjC",
					"-lc++",
				);
				PRODUCT_BUNDLE_IDENTIFIER = "com.facebook.REACT.elitebettingtips-tvOS";
				PRODUCT_NAME = "$(TARGET_NAME)";
				SDKROOT = appletvos;
				TARGETED_DEVICE_FAMILY = 3;
				TVOS_DEPLOYMENT_TARGET = 9.2;
			};
			name = Debug;
		};
		2D02E4981E0B4A5E006451C7 /* Release */ = {
			isa = XCBuildConfiguration;
			baseConfigurationReference = B9B77A6FEA8FB1CF173ED794 /* Pods-elitebettingtips-tvOS.release.xcconfig */;
			buildSettings = {
				ASSETCATALOG_COMPILER_APPICON_NAME = "App Icon & Top Shelf Image";
				ASSETCATALOG_COMPILER_LAUNCHIMAGE_NAME = LaunchImage;
				CLANG_ANALYZER_NONNULL = YES;
				CLANG_WARN_DOCUMENTATION_COMMENTS = YES;
				CLANG_WARN_INFINITE_RECURSION = YES;
				CLANG_WARN_SUSPICIOUS_MOVE = YES;
				COPY_PHASE_STRIP = NO;
				DEBUG_INFORMATION_FORMAT = "dwarf-with-dsym";
				GCC_NO_COMMON_BLOCKS = YES;
				INFOPLIST_FILE = "elitebettingtips-tvOS/Info.plist";
				LD_RUNPATH_SEARCH_PATHS = "$(inherited) @executable_path/Frameworks";
				OTHER_LDFLAGS = (
					"$(inherited)",
					"-ObjC",
					"-lc++",
				);
				PRODUCT_BUNDLE_IDENTIFIER = "com.facebook.REACT.elitebettingtips-tvOS";
				PRODUCT_NAME = "$(TARGET_NAME)";
				SDKROOT = appletvos;
				TARGETED_DEVICE_FAMILY = 3;
				TVOS_DEPLOYMENT_TARGET = 9.2;
			};
			name = Release;
		};
		2D02E4991E0B4A5E006451C7 /* Debug */ = {
			isa = XCBuildConfiguration;
			baseConfigurationReference = B4F80D68BAAE8BB095D77244 /* Pods-elitebettingtips-tvOSTests.debug.xcconfig */;
			buildSettings = {
				BUNDLE_LOADER = "$(TEST_HOST)";
				CLANG_ANALYZER_NONNULL = YES;
				CLANG_WARN_DOCUMENTATION_COMMENTS = YES;
				CLANG_WARN_INFINITE_RECURSION = YES;
				CLANG_WARN_SUSPICIOUS_MOVE = YES;
				DEBUG_INFORMATION_FORMAT = dwarf;
				ENABLE_TESTABILITY = YES;
				GCC_NO_COMMON_BLOCKS = YES;
				INFOPLIST_FILE = "elitebettingtips-tvOSTests/Info.plist";
				LD_RUNPATH_SEARCH_PATHS = "$(inherited) @executable_path/Frameworks @loader_path/Frameworks";
				OTHER_LDFLAGS = (
					"$(inherited)",
					"-ObjC",
					"-lc++",
				);
				PRODUCT_BUNDLE_IDENTIFIER = "com.facebook.REACT.elitebettingtips-tvOSTests";
				PRODUCT_NAME = "$(TARGET_NAME)";
				SDKROOT = appletvos;
				TEST_HOST = "$(BUILT_PRODUCTS_DIR)/elitebettingtips-tvOS.app/elitebettingtips-tvOS";
				TVOS_DEPLOYMENT_TARGET = 10.1;
			};
			name = Debug;
		};
		2D02E49A1E0B4A5E006451C7 /* Release */ = {
			isa = XCBuildConfiguration;
			baseConfigurationReference = 9D11114E8F24091C6F13F3A1 /* Pods-elitebettingtips-tvOSTests.release.xcconfig */;
			buildSettings = {
				BUNDLE_LOADER = "$(TEST_HOST)";
				CLANG_ANALYZER_NONNULL = YES;
				CLANG_WARN_DOCUMENTATION_COMMENTS = YES;
				CLANG_WARN_INFINITE_RECURSION = YES;
				CLANG_WARN_SUSPICIOUS_MOVE = YES;
				COPY_PHASE_STRIP = NO;
				DEBUG_INFORMATION_FORMAT = "dwarf-with-dsym";
				GCC_NO_COMMON_BLOCKS = YES;
				INFOPLIST_FILE = "elitebettingtips-tvOSTests/Info.plist";
				LD_RUNPATH_SEARCH_PATHS = "$(inherited) @executable_path/Frameworks @loader_path/Frameworks";
				OTHER_LDFLAGS = (
					"$(inherited)",
					"-ObjC",
					"-lc++",
				);
				PRODUCT_BUNDLE_IDENTIFIER = "com.facebook.REACT.elitebettingtips-tvOSTests";
				PRODUCT_NAME = "$(TARGET_NAME)";
				SDKROOT = appletvos;
				TEST_HOST = "$(BUILT_PRODUCTS_DIR)/elitebettingtips-tvOS.app/elitebettingtips-tvOS";
				TVOS_DEPLOYMENT_TARGET = 10.1;
			};
			name = Release;
		};
		83CBBA201A601CBA00E9B192 /* Debug */ = {
			isa = XCBuildConfiguration;
			buildSettings = {
				ALWAYS_SEARCH_USER_PATHS = NO;
				CLANG_CXX_LANGUAGE_STANDARD = "gnu++0x";
				CLANG_CXX_LIBRARY = "libc++";
				CLANG_ENABLE_MODULES = YES;
				CLANG_ENABLE_OBJC_ARC = YES;
				CLANG_WARN_BLOCK_CAPTURE_AUTORELEASING = YES;
				CLANG_WARN_BOOL_CONVERSION = YES;
				CLANG_WARN_COMMA = YES;
				CLANG_WARN_CONSTANT_CONVERSION = YES;
				CLANG_WARN_DEPRECATED_OBJC_IMPLEMENTATIONS = YES;
				CLANG_WARN_DIRECT_OBJC_ISA_USAGE = YES_ERROR;
				CLANG_WARN_EMPTY_BODY = YES;
				CLANG_WARN_ENUM_CONVERSION = YES;
				CLANG_WARN_INFINITE_RECURSION = YES;
				CLANG_WARN_INT_CONVERSION = YES;
				CLANG_WARN_NON_LITERAL_NULL_CONVERSION = YES;
				CLANG_WARN_OBJC_IMPLICIT_RETAIN_SELF = YES;
				CLANG_WARN_OBJC_LITERAL_CONVERSION = YES;
				CLANG_WARN_OBJC_ROOT_CLASS = YES_ERROR;
				CLANG_WARN_RANGE_LOOP_ANALYSIS = YES;
				CLANG_WARN_STRICT_PROTOTYPES = YES;
				CLANG_WARN_SUSPICIOUS_MOVE = YES;
				CLANG_WARN_UNREACHABLE_CODE = YES;
				CLANG_WARN__DUPLICATE_METHOD_MATCH = YES;
				"CODE_SIGN_IDENTITY[sdk=iphoneos*]" = "iPhone Developer";
				COPY_PHASE_STRIP = NO;
				ENABLE_STRICT_OBJC_MSGSEND = YES;
				ENABLE_TESTABILITY = YES;
				GCC_C_LANGUAGE_STANDARD = gnu99;
				GCC_DYNAMIC_NO_PIC = NO;
				GCC_NO_COMMON_BLOCKS = YES;
				GCC_OPTIMIZATION_LEVEL = 0;
				GCC_PREPROCESSOR_DEFINITIONS = (
					"DEBUG=1",
					"$(inherited)",
				);
				GCC_SYMBOLS_PRIVATE_EXTERN = NO;
				GCC_WARN_64_TO_32_BIT_CONVERSION = YES;
				GCC_WARN_ABOUT_RETURN_TYPE = YES_ERROR;
				GCC_WARN_UNDECLARED_SELECTOR = YES;
				GCC_WARN_UNINITIALIZED_AUTOS = YES_AGGRESSIVE;
				GCC_WARN_UNUSED_FUNCTION = YES;
				GCC_WARN_UNUSED_VARIABLE = YES;
				IPHONEOS_DEPLOYMENT_TARGET = 9.0;
				MTL_ENABLE_DEBUG_INFO = YES;
				ONLY_ACTIVE_ARCH = YES;
				SDKROOT = iphoneos;
			};
			name = Debug;
		};
		83CBBA211A601CBA00E9B192 /* Release */ = {
			isa = XCBuildConfiguration;
			buildSettings = {
				ALWAYS_SEARCH_USER_PATHS = NO;
				CLANG_CXX_LANGUAGE_STANDARD = "gnu++0x";
				CLANG_CXX_LIBRARY = "libc++";
				CLANG_ENABLE_MODULES = YES;
				CLANG_ENABLE_OBJC_ARC = YES;
				CLANG_WARN_BLOCK_CAPTURE_AUTORELEASING = YES;
				CLANG_WARN_BOOL_CONVERSION = YES;
				CLANG_WARN_COMMA = YES;
				CLANG_WARN_CONSTANT_CONVERSION = YES;
				CLANG_WARN_DEPRECATED_OBJC_IMPLEMENTATIONS = YES;
				CLANG_WARN_DIRECT_OBJC_ISA_USAGE = YES_ERROR;
				CLANG_WARN_EMPTY_BODY = YES;
				CLANG_WARN_ENUM_CONVERSION = YES;
				CLANG_WARN_INFINITE_RECURSION = YES;
				CLANG_WARN_INT_CONVERSION = YES;
				CLANG_WARN_NON_LITERAL_NULL_CONVERSION = YES;
				CLANG_WARN_OBJC_IMPLICIT_RETAIN_SELF = YES;
				CLANG_WARN_OBJC_LITERAL_CONVERSION = YES;
				CLANG_WARN_OBJC_ROOT_CLASS = YES_ERROR;
				CLANG_WARN_RANGE_LOOP_ANALYSIS = YES;
				CLANG_WARN_STRICT_PROTOTYPES = YES;
				CLANG_WARN_SUSPICIOUS_MOVE = YES;
				CLANG_WARN_UNREACHABLE_CODE = YES;
				CLANG_WARN__DUPLICATE_METHOD_MATCH = YES;
				"CODE_SIGN_IDENTITY[sdk=iphoneos*]" = "iPhone Developer";
				COPY_PHASE_STRIP = YES;
				ENABLE_NS_ASSERTIONS = NO;
				ENABLE_STRICT_OBJC_MSGSEND = YES;
				GCC_C_LANGUAGE_STANDARD = gnu99;
				GCC_NO_COMMON_BLOCKS = YES;
				GCC_WARN_64_TO_32_BIT_CONVERSION = YES;
				GCC_WARN_ABOUT_RETURN_TYPE = YES_ERROR;
				GCC_WARN_UNDECLARED_SELECTOR = YES;
				GCC_WARN_UNINITIALIZED_AUTOS = YES_AGGRESSIVE;
				GCC_WARN_UNUSED_FUNCTION = YES;
				GCC_WARN_UNUSED_VARIABLE = YES;
				IPHONEOS_DEPLOYMENT_TARGET = 9.0;
				MTL_ENABLE_DEBUG_INFO = NO;
				SDKROOT = iphoneos;
				VALIDATE_PRODUCT = YES;
			};
			name = Release;
		};
/* End XCBuildConfiguration section */

/* Begin XCConfigurationList section */
		00E357021AD99517003FC87E /* Build configuration list for PBXNativeTarget "elitebettingtipsTests" */ = {
			isa = XCConfigurationList;
			buildConfigurations = (
				00E356F61AD99517003FC87E /* Debug */,
				00E356F71AD99517003FC87E /* Release */,
			);
			defaultConfigurationIsVisible = 0;
			defaultConfigurationName = Release;
		};
		13B07F931A680F5B00A75B9A /* Build configuration list for PBXNativeTarget "elitebettingtips" */ = {
			isa = XCConfigurationList;
			buildConfigurations = (
				13B07F941A680F5B00A75B9A /* Debug */,
				13B07F951A680F5B00A75B9A /* Release */,
			);
			defaultConfigurationIsVisible = 0;
			defaultConfigurationName = Release;
		};
		2D02E4BA1E0B4A5E006451C7 /* Build configuration list for PBXNativeTarget "elitebettingtips-tvOS" */ = {
			isa = XCConfigurationList;
			buildConfigurations = (
				2D02E4971E0B4A5E006451C7 /* Debug */,
				2D02E4981E0B4A5E006451C7 /* Release */,
			);
			defaultConfigurationIsVisible = 0;
			defaultConfigurationName = Release;
		};
		2D02E4BB1E0B4A5E006451C7 /* Build configuration list for PBXNativeTarget "elitebettingtips-tvOSTests" */ = {
			isa = XCConfigurationList;
			buildConfigurations = (
				2D02E4991E0B4A5E006451C7 /* Debug */,
				2D02E49A1E0B4A5E006451C7 /* Release */,
			);
			defaultConfigurationIsVisible = 0;
			defaultConfigurationName = Release;
		};
		83CBB9FA1A601CBA00E9B192 /* Build configuration list for PBXProject "elitebettingtips" */ = {
			isa = XCConfigurationList;
			buildConfigurations = (
				83CBBA201A601CBA00E9B192 /* Debug */,
				83CBBA211A601CBA00E9B192 /* Release */,
			);
			defaultConfigurationIsVisible = 0;
			defaultConfigurationName = Release;
		};
/* End XCConfigurationList section */
	};
	rootObject = 83CBB9F71A601CBA00E9B192 /* Project object */;
}
